
Microsoft Visual Studio Solution File, Format Version 12.00
# Visual Studio 2013
VisualStudioVersion = 12.0.30501.0
MinimumVisualStudioVersion = 10.0.40219.1
Project("{FAE04EC0-301F-11D3-BF4B-00C04F79EFBC}") = "Sannel.TestHelpers", "NET 4\Sannel.TestHelpers\Sannel.TestHelpers.csproj", "{E4ECBE20-B078-459F-9E9B-E5966736E60C}"
EndProject
Project("{FAE04EC0-301F-11D3-BF4B-00C04F79EFBC}") = "Sannel.TestHelpers.Tests", "NET 4\Sannel.TestHelpers.Tests\Sannel.TestHelpers.Tests.csproj", "{3B308FB5-00A1-4702-8C32-4FC998A68D62}"
EndProject
Project("{2150E333-8FDC-42A3-9474-1A3956D46DE8}") = "NET 4", "NET 4", "{4A92FA87-5882-499B-9A60-B0B4ACB950CA}"
EndProject
Project("{2150E333-8FDC-42A3-9474-1A3956D46DE8}") = "Solution Items", "Solution Items", "{DEA15CF2-4F73-49E9-97CF-A837424BCC18}"
	ProjectSection(SolutionItems) = preProject
		Sannel.Helpers.Build.msbuildproj = Sannel.Helpers.Build.msbuildproj
	EndProjectSection
EndProject
Project("{2150E333-8FDC-42A3-9474-1A3956D46DE8}") = "WP 8", "WP 8", "{3FFB36E8-9F79-4AAC-8A66-D541CFD67241}"
EndProject
Project("{FAE04EC0-301F-11D3-BF4B-00C04F79EFBC}") = "Sannel.TestHelpers", "WP 8\Sannel.TestHelpers\Sannel.TestHelpers.csproj", "{5A2D9908-79D0-4EDE-9A1C-DCC541C673D2}"
EndProject
Project("{FAE04EC0-301F-11D3-BF4B-00C04F79EFBC}") = "Sannel.TestHelpers.Tests", "WP 8\Sannel.TestHelpers.Tests\Sannel.TestHelpers.Tests.csproj", "{A65E4492-1735-4804-866D-1861A4B1E491}"
EndProject
Project("{2150E333-8FDC-42A3-9474-1A3956D46DE8}") = "WP 8.1 Silverlight", "WP 8.1 Silverlight", "{07BD50E9-0D38-43E5-A654-36FCDD3A5522}"
EndProject
Project("{FAE04EC0-301F-11D3-BF4B-00C04F79EFBC}") = "Sannel.TestHelpers", "WP 8.1 Silverlight\Sannel.TestHelpers\Sannel.TestHelpers.csproj", "{C38CEF0A-0829-4C21-9B50-9B358F527191}"
EndProject
Project("{FAE04EC0-301F-11D3-BF4B-00C04F79EFBC}") = "Sannel.TestHelpers.Tests", "WP 8.1 Silverlight\Sannel.TestHelpers.Tests\Sannel.TestHelpers.Tests.csproj", "{9D879E97-6249-46BB-887E-CA621F59E259}"
EndProject
Project("{2150E333-8FDC-42A3-9474-1A3956D46DE8}") = "WP 8.1 WinPRT", "WP 8.1 WinPRT", "{5496EBA6-153D-4511-AEC6-BBF9564740E3}"
EndProject
Project("{FAE04EC0-301F-11D3-BF4B-00C04F79EFBC}") = "Sannel.TestHelpers", "WP 8.1 WinPRT\Sannel.TestHelpers\Sannel.TestHelpers.csproj", "{169F79D2-F082-4EA7-AB19-D31954C40F35}"
EndProject
Project("{FAE04EC0-301F-11D3-BF4B-00C04F79EFBC}") = "Sannel.TestHelpers.Tests", "WP 8.1 WinPRT\Sannel.TestHelpers.Tests\Sannel.TestHelpers.Tests.csproj", "{8F37CCEB-E86D-47AF-B9C1-834F300D4119}"
EndProject
Global
	GlobalSection(SolutionConfigurationPlatforms) = preSolution
		Debug|Any CPU = Debug|Any CPU
		Debug|ARM = Debug|ARM
		Debug|Mixed Platforms = Debug|Mixed Platforms
		Debug|x86 = Debug|x86
		Release|Any CPU = Release|Any CPU
		Release|ARM = Release|ARM
		Release|Mixed Platforms = Release|Mixed Platforms
		Release|x86 = Release|x86
	EndGlobalSection
	GlobalSection(ProjectConfigurationPlatforms) = postSolution
		{E4ECBE20-B078-459F-9E9B-E5966736E60C}.Debug|Any CPU.ActiveCfg = Debug|Any CPU
		{E4ECBE20-B078-459F-9E9B-E5966736E60C}.Debug|Any CPU.Build.0 = Debug|Any CPU
		{E4ECBE20-B078-459F-9E9B-E5966736E60C}.Debug|ARM.ActiveCfg = Debug|Any CPU
		{E4ECBE20-B078-459F-9E9B-E5966736E60C}.Debug|Mixed Platforms.ActiveCfg = Debug|Any CPU
		{E4ECBE20-B078-459F-9E9B-E5966736E60C}.Debug|Mixed Platforms.Build.0 = Debug|Any CPU
		{E4ECBE20-B078-459F-9E9B-E5966736E60C}.Debug|x86.ActiveCfg = Debug|Any CPU
		{E4ECBE20-B078-459F-9E9B-E5966736E60C}.Release|Any CPU.ActiveCfg = Release|Any CPU
		{E4ECBE20-B078-459F-9E9B-E5966736E60C}.Release|Any CPU.Build.0 = Release|Any CPU
		{E4ECBE20-B078-459F-9E9B-E5966736E60C}.Release|ARM.ActiveCfg = Release|Any CPU
		{E4ECBE20-B078-459F-9E9B-E5966736E60C}.Release|Mixed Platforms.ActiveCfg = Release|Any CPU
		{E4ECBE20-B078-459F-9E9B-E5966736E60C}.Release|Mixed Platforms.Build.0 = Release|Any CPU
		{E4ECBE20-B078-459F-9E9B-E5966736E60C}.Release|x86.ActiveCfg = Release|Any CPU
		{3B308FB5-00A1-4702-8C32-4FC998A68D62}.Debug|Any CPU.ActiveCfg = Debug|Any CPU
		{3B308FB5-00A1-4702-8C32-4FC998A68D62}.Debug|Any CPU.Build.0 = Debug|Any CPU
		{3B308FB5-00A1-4702-8C32-4FC998A68D62}.Debug|ARM.ActiveCfg = Debug|Any CPU
		{3B308FB5-00A1-4702-8C32-4FC998A68D62}.Debug|Mixed Platforms.ActiveCfg = Debug|Any CPU
		{3B308FB5-00A1-4702-8C32-4FC998A68D62}.Debug|Mixed Platforms.Build.0 = Debug|Any CPU
		{3B308FB5-00A1-4702-8C32-4FC998A68D62}.Debug|x86.ActiveCfg = Debug|Any CPU
		{3B308FB5-00A1-4702-8C32-4FC998A68D62}.Release|Any CPU.ActiveCfg = Release|Any CPU
		{3B308FB5-00A1-4702-8C32-4FC998A68D62}.Release|Any CPU.Build.0 = Release|Any CPU
		{3B308FB5-00A1-4702-8C32-4FC998A68D62}.Release|ARM.ActiveCfg = Release|Any CPU
		{3B308FB5-00A1-4702-8C32-4FC998A68D62}.Release|Mixed Platforms.ActiveCfg = Release|Any CPU
		{3B308FB5-00A1-4702-8C32-4FC998A68D62}.Release|Mixed Platforms.Build.0 = Release|Any CPU
		{3B308FB5-00A1-4702-8C32-4FC998A68D62}.Release|x86.ActiveCfg = Release|Any CPU
		{5A2D9908-79D0-4EDE-9A1C-DCC541C673D2}.Debug|Any CPU.ActiveCfg = Debug|Any CPU
		{5A2D9908-79D0-4EDE-9A1C-DCC541C673D2}.Debug|Any CPU.Build.0 = Debug|Any CPU
		{5A2D9908-79D0-4EDE-9A1C-DCC541C673D2}.Debug|ARM.ActiveCfg = Debug|ARM
		{5A2D9908-79D0-4EDE-9A1C-DCC541C673D2}.Debug|ARM.Build.0 = Debug|ARM
		{5A2D9908-79D0-4EDE-9A1C-DCC541C673D2}.Debug|Mixed Platforms.ActiveCfg = Debug|x86
		{5A2D9908-79D0-4EDE-9A1C-DCC541C673D2}.Debug|Mixed Platforms.Build.0 = Debug|x86
		{5A2D9908-79D0-4EDE-9A1C-DCC541C673D2}.Debug|x86.ActiveCfg = Debug|x86
		{5A2D9908-79D0-4EDE-9A1C-DCC541C673D2}.Debug|x86.Build.0 = Debug|x86
		{5A2D9908-79D0-4EDE-9A1C-DCC541C673D2}.Release|Any CPU.ActiveCfg = Release|Any CPU
		{5A2D9908-79D0-4EDE-9A1C-DCC541C673D2}.Release|Any CPU.Build.0 = Release|Any CPU
		{5A2D9908-79D0-4EDE-9A1C-DCC541C673D2}.Release|ARM.ActiveCfg = Release|ARM
		{5A2D9908-79D0-4EDE-9A1C-DCC541C673D2}.Release|ARM.Build.0 = Release|ARM
		{5A2D9908-79D0-4EDE-9A1C-DCC541C673D2}.Release|Mixed Platforms.ActiveCfg = Release|x86
		{5A2D9908-79D0-4EDE-9A1C-DCC541C673D2}.Release|Mixed Platforms.Build.0 = Release|x86
		{5A2D9908-79D0-4EDE-9A1C-DCC541C673D2}.Release|x86.ActiveCfg = Release|x86
		{5A2D9908-79D0-4EDE-9A1C-DCC541C673D2}.Release|x86.Build.0 = Release|x86
		{A65E4492-1735-4804-866D-1861A4B1E491}.Debug|Any CPU.ActiveCfg = Debug|x86
		{A65E4492-1735-4804-866D-1861A4B1E491}.Debug|ARM.ActiveCfg = Debug|ARM
		{A65E4492-1735-4804-866D-1861A4B1E491}.Debug|ARM.Build.0 = Debug|ARM
		{A65E4492-1735-4804-866D-1861A4B1E491}.Debug|ARM.Deploy.0 = Debug|ARM
		{A65E4492-1735-4804-866D-1861A4B1E491}.Debug|Mixed Platforms.ActiveCfg = Debug|x86
		{A65E4492-1735-4804-866D-1861A4B1E491}.Debug|Mixed Platforms.Build.0 = Debug|x86
		{A65E4492-1735-4804-866D-1861A4B1E491}.Debug|Mixed Platforms.Deploy.0 = Debug|x86
		{A65E4492-1735-4804-866D-1861A4B1E491}.Debug|x86.ActiveCfg = Debug|x86
		{A65E4492-1735-4804-866D-1861A4B1E491}.Debug|x86.Build.0 = Debug|x86
		{A65E4492-1735-4804-866D-1861A4B1E491}.Debug|x86.Deploy.0 = Debug|x86
		{A65E4492-1735-4804-866D-1861A4B1E491}.Release|Any CPU.ActiveCfg = Release|x86
		{A65E4492-1735-4804-866D-1861A4B1E491}.Release|ARM.ActiveCfg = Release|ARM
		{A65E4492-1735-4804-866D-1861A4B1E491}.Release|ARM.Build.0 = Release|ARM
		{A65E4492-1735-4804-866D-1861A4B1E491}.Release|ARM.Deploy.0 = Release|ARM
		{A65E4492-1735-4804-866D-1861A4B1E491}.Release|Mixed Platforms.ActiveCfg = Release|x86
		{A65E4492-1735-4804-866D-1861A4B1E491}.Release|Mixed Platforms.Build.0 = Release|x86
		{A65E4492-1735-4804-866D-1861A4B1E491}.Release|Mixed Platforms.Deploy.0 = Release|x86
		{A65E4492-1735-4804-866D-1861A4B1E491}.Release|x86.ActiveCfg = Release|x86
		{A65E4492-1735-4804-866D-1861A4B1E491}.Release|x86.Build.0 = Release|x86
		{A65E4492-1735-4804-866D-1861A4B1E491}.Release|x86.Deploy.0 = Release|x86
		{C38CEF0A-0829-4C21-9B50-9B358F527191}.Debug|Any CPU.ActiveCfg = Debug|Any CPU
		{C38CEF0A-0829-4C21-9B50-9B358F527191}.Debug|Any CPU.Build.0 = Debug|Any CPU
		{C38CEF0A-0829-4C21-9B50-9B358F527191}.Debug|ARM.ActiveCfg = Debug|ARM
		{C38CEF0A-0829-4C21-9B50-9B358F527191}.Debug|ARM.Build.0 = Debug|ARM
		{C38CEF0A-0829-4C21-9B50-9B358F527191}.Debug|Mixed Platforms.ActiveCfg = Debug|x86
		{C38CEF0A-0829-4C21-9B50-9B358F527191}.Debug|Mixed Platforms.Build.0 = Debug|x86
		{C38CEF0A-0829-4C21-9B50-9B358F527191}.Debug|x86.ActiveCfg = Debug|x86
		{C38CEF0A-0829-4C21-9B50-9B358F527191}.Debug|x86.Build.0 = Debug|x86
		{C38CEF0A-0829-4C21-9B50-9B358F527191}.Release|Any CPU.ActiveCfg = Release|Any CPU
		{C38CEF0A-0829-4C21-9B50-9B358F527191}.Release|Any CPU.Build.0 = Release|Any CPU
		{C38CEF0A-0829-4C21-9B50-9B358F527191}.Release|ARM.ActiveCfg = Release|ARM
		{C38CEF0A-0829-4C21-9B50-9B358F527191}.Release|ARM.Build.0 = Release|ARM
		{C38CEF0A-0829-4C21-9B50-9B358F527191}.Release|Mixed Platforms.ActiveCfg = Release|x86
		{C38CEF0A-0829-4C21-9B50-9B358F527191}.Release|Mixed Platforms.Build.0 = Release|x86
		{C38CEF0A-0829-4C21-9B50-9B358F527191}.Release|x86.ActiveCfg = Release|x86
		{C38CEF0A-0829-4C21-9B50-9B358F527191}.Release|x86.Build.0 = Release|x86
		{9D879E97-6249-46BB-887E-CA621F59E259}.Debug|Any CPU.ActiveCfg = Debug|x86
		{9D879E97-6249-46BB-887E-CA621F59E259}.Debug|ARM.ActiveCfg = Debug|ARM
		{9D879E97-6249-46BB-887E-CA621F59E259}.Debug|ARM.Build.0 = Debug|ARM
		{9D879E97-6249-46BB-887E-CA621F59E259}.Debug|ARM.Deploy.0 = Debug|ARM
		{9D879E97-6249-46BB-887E-CA621F59E259}.Debug|Mixed Platforms.ActiveCfg = Debug|x86
		{9D879E97-6249-46BB-887E-CA621F59E259}.Debug|Mixed Platforms.Build.0 = Debug|x86
		{9D879E97-6249-46BB-887E-CA621F59E259}.Debug|Mixed Platforms.Deploy.0 = Debug|x86
		{9D879E97-6249-46BB-887E-CA621F59E259}.Debug|x86.ActiveCfg = Debug|x86
		{9D879E97-6249-46BB-887E-CA621F59E259}.Debug|x86.Build.0 = Debug|x86
		{9D879E97-6249-46BB-887E-CA621F59E259}.Debug|x86.Deploy.0 = Debug|x86
		{9D879E97-6249-46BB-887E-CA621F59E259}.Release|Any CPU.ActiveCfg = Release|x86
		{9D879E97-6249-46BB-887E-CA621F59E259}.Release|ARM.ActiveCfg = Release|ARM
		{9D879E97-6249-46BB-887E-CA621F59E259}.Release|ARM.Build.0 = Release|ARM
		{9D879E97-6249-46BB-887E-CA621F59E259}.Release|ARM.Deploy.0 = Release|ARM
		{9D879E97-6249-46BB-887E-CA621F59E259}.Release|Mixed Platforms.ActiveCfg = Release|x86
		{9D879E97-6249-46BB-887E-CA621F59E259}.Release|Mixed Platforms.Build.0 = Release|x86
		{9D879E97-6249-46BB-887E-CA621F59E259}.Release|Mixed Platforms.Deploy.0 = Release|x86
		{9D879E97-6249-46BB-887E-CA621F59E259}.Release|x86.ActiveCfg = Release|x86
		{9D879E97-6249-46BB-887E-CA621F59E259}.Release|x86.Build.0 = Release|x86
		{9D879E97-6249-46BB-887E-CA621F59E259}.Release|x86.Deploy.0 = Release|x86
		{169F79D2-F082-4EA7-AB19-D31954C40F35}.Debug|Any CPU.ActiveCfg = Debug|Any CPU
		{169F79D2-F082-4EA7-AB19-D31954C40F35}.Debug|Any CPU.Build.0 = Debug|Any CPU
		{169F79D2-F082-4EA7-AB19-D31954C40F35}.Debug|ARM.ActiveCfg = Debug|ARM
		{169F79D2-F082-4EA7-AB19-D31954C40F35}.Debug|ARM.Build.0 = Debug|ARM
		{169F79D2-F082-4EA7-AB19-D31954C40F35}.Debug|Mixed Platforms.ActiveCfg = Debug|x86
		{169F79D2-F082-4EA7-AB19-D31954C40F35}.Debug|Mixed Platforms.Build.0 = Debug|x86
		{169F79D2-F082-4EA7-AB19-D31954C40F35}.Debug|x86.ActiveCfg = Debug|x86
		{169F79D2-F082-4EA7-AB19-D31954C40F35}.Debug|x86.Build.0 = Debug|x86
		{169F79D2-F082-4EA7-AB19-D31954C40F35}.Release|Any CPU.ActiveCfg = Release|Any CPU
		{169F79D2-F082-4EA7-AB19-D31954C40F35}.Release|Any CPU.Build.0 = Release|Any CPU
		{169F79D2-F082-4EA7-AB19-D31954C40F35}.Release|ARM.ActiveCfg = Release|ARM
		{169F79D2-F082-4EA7-AB19-D31954C40F35}.Release|ARM.Build.0 = Release|ARM
		{169F79D2-F082-4EA7-AB19-D31954C40F35}.Release|Mixed Platforms.ActiveCfg = Release|x86
		{169F79D2-F082-4EA7-AB19-D31954C40F35}.Release|Mixed Platforms.Build.0 = Release|x86
		{169F79D2-F082-4EA7-AB19-D31954C40F35}.Release|x86.ActiveCfg = Release|x86
		{169F79D2-F082-4EA7-AB19-D31954C40F35}.Release|x86.Build.0 = Release|x86
		{8F37CCEB-E86D-47AF-B9C1-834F300D4119}.Debug|Any CPU.ActiveCfg = Debug|x86
		{8F37CCEB-E86D-47AF-B9C1-834F300D4119}.Debug|ARM.ActiveCfg = Debug|ARM
		{8F37CCEB-E86D-47AF-B9C1-834F300D4119}.Debug|ARM.Build.0 = Debug|ARM
		{8F37CCEB-E86D-47AF-B9C1-834F300D4119}.Debug|ARM.Deploy.0 = Debug|ARM
		{8F37CCEB-E86D-47AF-B9C1-834F300D4119}.Debug|Mixed Platforms.ActiveCfg = Debug|x86
		{8F37CCEB-E86D-47AF-B9C1-834F300D4119}.Debug|Mixed Platforms.Build.0 = Debug|x86
		{8F37CCEB-E86D-47AF-B9C1-834F300D4119}.Debug|Mixed Platforms.Deploy.0 = Debug|x86
		{8F37CCEB-E86D-47AF-B9C1-834F300D4119}.Debug|x86.ActiveCfg = Debug|x86
		{8F37CCEB-E86D-47AF-B9C1-834F300D4119}.Debug|x86.Build.0 = Debug|x86
		{8F37CCEB-E86D-47AF-B9C1-834F300D4119}.Debug|x86.Deploy.0 = Debug|x86
		{8F37CCEB-E86D-47AF-B9C1-834F300D4119}.Release|Any CPU.ActiveCfg = Release|x86
		{8F37CCEB-E86D-47AF-B9C1-834F300D4119}.Release|ARM.ActiveCfg = Release|ARM
		{8F37CCEB-E86D-47AF-B9C1-834F300D4119}.Release|ARM.Build.0 = Release|ARM
		{8F37CCEB-E86D-47AF-B9C1-834F300D4119}.Release|ARM.Deploy.0 = Release|ARM
		{8F37CCEB-E86D-47AF-B9C1-834F300D4119}.Release|Mixed Platforms.ActiveCfg = Release|x86
		{8F37CCEB-E86D-47AF-B9C1-834F300D4119}.Release|Mixed Platforms.Build.0 = Release|x86
		{8F37CCEB-E86D-47AF-B9C1-834F300D4119}.Release|Mixed Platforms.Deploy.0 = Release|x86
		{8F37CCEB-E86D-47AF-B9C1-834F300D4119}.Release|x86.ActiveCfg = Release|x86
		{8F37CCEB-E86D-47AF-B9C1-834F300D4119}.Release|x86.Build.0 = Release|x86
		{8F37CCEB-E86D-47AF-B9C1-834F300D4119}.Release|x86.Deploy.0 = Release|x86
	EndGlobalSection
	GlobalSection(SolutionProperties) = preSolution
		HideSolutionNode = FALSE
	EndGlobalSection
	GlobalSection(NestedProjects) = preSolution
		{E4ECBE20-B078-459F-9E9B-E5966736E60C} = {4A92FA87-5882-499B-9A60-B0B4ACB950CA}
		{3B308FB5-00A1-4702-8C32-4FC998A68D62} = {4A92FA87-5882-499B-9A60-B0B4ACB950CA}
		{5A2D9908-79D0-4EDE-9A1C-DCC541C673D2} = {3FFB36E8-9F79-4AAC-8A66-D541CFD67241}
		{A65E4492-1735-4804-866D-1861A4B1E491} = {3FFB36E8-9F79-4AAC-8A66-D541CFD67241}
		{C38CEF0A-0829-4C21-9B50-9B358F527191} = {07BD50E9-0D38-43E5-A654-36FCDD3A5522}
		{9D879E97-6249-46BB-887E-CA621F59E259} = {07BD50E9-0D38-43E5-A654-36FCDD3A5522}
		{169F79D2-F082-4EA7-AB19-D31954C40F35} = {5496EBA6-153D-4511-AEC6-BBF9564740E3}
		{8F37CCEB-E86D-47AF-B9C1-834F300D4119} = {5496EBA6-153D-4511-AEC6-BBF9564740E3}
	EndGlobalSection
EndGlobal
