
Microsoft Visual Studio Solution File, Format Version 12.00
# Visual Studio 2013
VisualStudioVersion = 12.0.31101.0
MinimumVisualStudioVersion = 10.0.40219.1
Project("{2150E333-8FDC-42A3-9474-1A3956D46DE8}") = "NET 4", "NET 4", "{0B5EEF81-D4E4-47B7-891F-1B249278529F}"
EndProject
Project("{FAE04EC0-301F-11D3-BF4B-00C04F79EFBC}") = "Sannel.Helpers", "NET 4\Sannel.Helpers\Sannel.Helpers.csproj", "{C52849F7-EC86-4FEC-99CC-35108008C4FA}"
EndProject
Project("{2150E333-8FDC-42A3-9474-1A3956D46DE8}") = "NET 4_5", "NET 4_5", "{2E860A45-0F6C-401A-83C6-2E6BBE5624FD}"
EndProject
Project("{FAE04EC0-301F-11D3-BF4B-00C04F79EFBC}") = "Sannel.Helpers.Tests", "NET4\Sannel.Helpers.Tests\Sannel.Helpers.Tests.csproj", "{22E23EF1-0859-4BBB-B52B-61ED9C76673E}"
EndProject
Global
	GlobalSection(SolutionConfigurationPlatforms) = preSolution
		Debug|Any CPU = Debug|Any CPU
		Release|Any CPU = Release|Any CPU
	EndGlobalSection
	GlobalSection(ProjectConfigurationPlatforms) = postSolution
		{C52849F7-EC86-4FEC-99CC-35108008C4FA}.Debug|Any CPU.ActiveCfg = Debug|Any CPU
		{C52849F7-EC86-4FEC-99CC-35108008C4FA}.Debug|Any CPU.Build.0 = Debug|Any CPU
		{C52849F7-EC86-4FEC-99CC-35108008C4FA}.Release|Any CPU.ActiveCfg = Release|Any CPU
		{C52849F7-EC86-4FEC-99CC-35108008C4FA}.Release|Any CPU.Build.0 = Release|Any CPU
		{22E23EF1-0859-4BBB-B52B-61ED9C76673E}.Debug|Any CPU.ActiveCfg = Debug|Any CPU
		{22E23EF1-0859-4BBB-B52B-61ED9C76673E}.Debug|Any CPU.Build.0 = Debug|Any CPU
		{22E23EF1-0859-4BBB-B52B-61ED9C76673E}.Release|Any CPU.ActiveCfg = Release|Any CPU
		{22E23EF1-0859-4BBB-B52B-61ED9C76673E}.Release|Any CPU.Build.0 = Release|Any CPU
	EndGlobalSection
	GlobalSection(SolutionProperties) = preSolution
		HideSolutionNode = FALSE
	EndGlobalSection
	GlobalSection(NestedProjects) = preSolution
		{C52849F7-EC86-4FEC-99CC-35108008C4FA} = {0B5EEF81-D4E4-47B7-891F-1B249278529F}
		{22E23EF1-0859-4BBB-B52B-61ED9C76673E} = {0B5EEF81-D4E4-47B7-891F-1B249278529F}
	EndGlobalSection
EndGlobal
