
Microsoft Visual Studio Solution File, Format Version 12.00
# Visual Studio 2013
VisualStudioVersion = 12.0.31101.0
MinimumVisualStudioVersion = 10.0.40219.1
Project("{2150E333-8FDC-42A3-9474-1A3956D46DE8}") = "NET 4", "NET 4", "{0B5EEF81-D4E4-47B7-891F-1B249278529F}"
EndProject
Project("{FAE04EC0-301F-11D3-BF4B-00C04F79EFBC}") = "Sannel.Helpers", "NET 4\Sannel.Helpers\Sannel.Helpers.csproj", "{C52849F7-EC86-4FEC-99CC-35108008C4FA}"
EndProject
Project("{2150E333-8FDC-42A3-9474-1A3956D46DE8}") = "NET 4_5", "NET 4_5", "{2E860A45-0F6C-401A-83C6-2E6BBE5624FD}"
EndProject
Project("{FAE04EC0-301F-11D3-BF4B-00C04F79EFBC}") = "Sannel.Helpers.Tests", "NET 4\Sannel.Helpers.Tests\Sannel.Helpers.Tests.csproj", "{22E23EF1-0859-4BBB-B52B-61ED9C76673E}"
EndProject
Project("{2150E333-8FDC-42A3-9474-1A3956D46DE8}") = "PCL", "PCL", "{2F68EFAE-3D22-47B9-8C3A-27032D36B56A}"
EndProject
Project("{FAE04EC0-301F-11D3-BF4B-00C04F79EFBC}") = "Sannel.Helpers.4_5", "NET 4_5\Sannel.Helpers.4_5\Sannel.Helpers.4_5.csproj", "{8DB43BBA-83F4-410F-9689-CC9F329C1012}"
EndProject
Project("{FAE04EC0-301F-11D3-BF4B-00C04F79EFBC}") = "Sannel.Helpers.Tests.4_5", "NET 4_5\Sannel.Helpers.Tests.4_5\Sannel.Helpers.Tests.4_5.csproj", "{27E6AC5F-D677-49E9-B8E6-6AEF495AAFC2}"
EndProject
Project("{FAE04EC0-301F-11D3-BF4B-00C04F79EFBC}") = "Sannel.Helpers.PCL", "PCL\Sannel.Helpers.PCL\Sannel.Helpers.PCL.csproj", "{ADCD85B3-4126-45DE-ACE9-5E397B81EF85}"
EndProject
Project("{FAE04EC0-301F-11D3-BF4B-00C04F79EFBC}") = "Sannel.Helpers.Tests.PCL", "PCL\Sannel.Helpers.Tests.PCL\Sannel.Helpers.Tests.PCL.csproj", "{8BF1255F-30BE-46D0-9E47-311387B35A86}"
EndProject
Global
	GlobalSection(SolutionConfigurationPlatforms) = preSolution
		Debug|Any CPU = Debug|Any CPU
		Release|Any CPU = Release|Any CPU
	EndGlobalSection
	GlobalSection(ProjectConfigurationPlatforms) = postSolution
		{C52849F7-EC86-4FEC-99CC-35108008C4FA}.Debug|Any CPU.ActiveCfg = Debug|Any CPU
		{C52849F7-EC86-4FEC-99CC-35108008C4FA}.Debug|Any CPU.Build.0 = Debug|Any CPU
		{C52849F7-EC86-4FEC-99CC-35108008C4FA}.Release|Any CPU.ActiveCfg = Release|Any CPU
		{C52849F7-EC86-4FEC-99CC-35108008C4FA}.Release|Any CPU.Build.0 = Release|Any CPU
		{22E23EF1-0859-4BBB-B52B-61ED9C76673E}.Debug|Any CPU.ActiveCfg = Debug|Any CPU
		{22E23EF1-0859-4BBB-B52B-61ED9C76673E}.Debug|Any CPU.Build.0 = Debug|Any CPU
		{22E23EF1-0859-4BBB-B52B-61ED9C76673E}.Release|Any CPU.ActiveCfg = Release|Any CPU
		{22E23EF1-0859-4BBB-B52B-61ED9C76673E}.Release|Any CPU.Build.0 = Release|Any CPU
		{8DB43BBA-83F4-410F-9689-CC9F329C1012}.Debug|Any CPU.ActiveCfg = Debug|Any CPU
		{8DB43BBA-83F4-410F-9689-CC9F329C1012}.Debug|Any CPU.Build.0 = Debug|Any CPU
		{8DB43BBA-83F4-410F-9689-CC9F329C1012}.Release|Any CPU.ActiveCfg = Release|Any CPU
		{8DB43BBA-83F4-410F-9689-CC9F329C1012}.Release|Any CPU.Build.0 = Release|Any CPU
		{27E6AC5F-D677-49E9-B8E6-6AEF495AAFC2}.Debug|Any CPU.ActiveCfg = Debug|Any CPU
		{27E6AC5F-D677-49E9-B8E6-6AEF495AAFC2}.Debug|Any CPU.Build.0 = Debug|Any CPU
		{27E6AC5F-D677-49E9-B8E6-6AEF495AAFC2}.Release|Any CPU.ActiveCfg = Release|Any CPU
		{27E6AC5F-D677-49E9-B8E6-6AEF495AAFC2}.Release|Any CPU.Build.0 = Release|Any CPU
		{ADCD85B3-4126-45DE-ACE9-5E397B81EF85}.Debug|Any CPU.ActiveCfg = Debug|Any CPU
		{ADCD85B3-4126-45DE-ACE9-5E397B81EF85}.Debug|Any CPU.Build.0 = Debug|Any CPU
		{ADCD85B3-4126-45DE-ACE9-5E397B81EF85}.Release|Any CPU.ActiveCfg = Release|Any CPU
		{ADCD85B3-4126-45DE-ACE9-5E397B81EF85}.Release|Any CPU.Build.0 = Release|Any CPU
		{8BF1255F-30BE-46D0-9E47-311387B35A86}.Debug|Any CPU.ActiveCfg = Debug|Any CPU
		{8BF1255F-30BE-46D0-9E47-311387B35A86}.Debug|Any CPU.Build.0 = Debug|Any CPU
		{8BF1255F-30BE-46D0-9E47-311387B35A86}.Release|Any CPU.ActiveCfg = Release|Any CPU
		{8BF1255F-30BE-46D0-9E47-311387B35A86}.Release|Any CPU.Build.0 = Release|Any CPU
	EndGlobalSection
	GlobalSection(SolutionProperties) = preSolution
		HideSolutionNode = FALSE
	EndGlobalSection
	GlobalSection(NestedProjects) = preSolution
		{C52849F7-EC86-4FEC-99CC-35108008C4FA} = {0B5EEF81-D4E4-47B7-891F-1B249278529F}
		{22E23EF1-0859-4BBB-B52B-61ED9C76673E} = {0B5EEF81-D4E4-47B7-891F-1B249278529F}
		{8DB43BBA-83F4-410F-9689-CC9F329C1012} = {2E860A45-0F6C-401A-83C6-2E6BBE5624FD}
		{27E6AC5F-D677-49E9-B8E6-6AEF495AAFC2} = {2E860A45-0F6C-401A-83C6-2E6BBE5624FD}
		{ADCD85B3-4126-45DE-ACE9-5E397B81EF85} = {2F68EFAE-3D22-47B9-8C3A-27032D36B56A}
		{8BF1255F-30BE-46D0-9E47-311387B35A86} = {2F68EFAE-3D22-47B9-8C3A-27032D36B56A}
	EndGlobalSection
EndGlobal
