
Microsoft Visual Studio Solution File, Format Version 12.00
# Visual Studio 2013
VisualStudioVersion = 12.0.30324.0
MinimumVisualStudioVersion = 10.0.40219.1
Project("{2150E333-8FDC-42A3-9474-1A3956D46DE8}") = "NET 4", "NET 4", "{4F813079-FD5D-47DC-AC3E-EB6A61685C0B}"
EndProject
Project("{2150E333-8FDC-42A3-9474-1A3956D46DE8}") = "WinRT", "WinRT", "{480D0706-97AF-47D2-94A3-E513A20D9C80}"
EndProject
Project("{2150E333-8FDC-42A3-9474-1A3956D46DE8}") = "WP 8", "WP 8", "{393AB275-A4A7-4BC7-AE64-14BC222967DE}"
EndProject
Project("{2150E333-8FDC-42A3-9474-1A3956D46DE8}") = "NET 4.5", "NET 4.5", "{6B22F02C-0B07-4706-A1CF-32A0A91CA546}"
EndProject
Project("{2150E333-8FDC-42A3-9474-1A3956D46DE8}") = "Solution Items", "Solution Items", "{B0E2BDA4-FBEE-4349-8A9B-02AC5BEE7CA2}"
	ProjectSection(SolutionItems) = preProject
		Sannel.Helpers.Build.msbuildproj = Sannel.Helpers.Build.msbuildproj
	EndProjectSection
EndProject
Project("{2150E333-8FDC-42A3-9474-1A3956D46DE8}") = "Portable", "Portable", "{82057F0A-AA23-4F89-A995-BE66E4399DF0}"
EndProject
Project("{FAE04EC0-301F-11D3-BF4B-00C04F79EFBC}") = "Sannel.Helpers", "NET 4.0\Sannel.Helpers\Sannel.Helpers.csproj", "{151FB2D8-717D-4BDD-A229-AE55D8D81A22}"
EndProject
Project("{FAE04EC0-301F-11D3-BF4B-00C04F79EFBC}") = "Sannel.Helpers.WinRT", "WinRT\Sannel.Helpers.WinRT\Sannel.Helpers.WinRT.csproj", "{B9C16BA1-E171-4C53-82EA-1C901A1E02D5}"
EndProject
Project("{FAE04EC0-301F-11D3-BF4B-00C04F79EFBC}") = "Sannel.Helpers.Tests", "NET 4.0\Sannel.Helpers.Tests\Sannel.Helpers.Tests.csproj", "{33583135-A29D-4C95-A360-998DDD4F6023}"
EndProject
Project("{FAE04EC0-301F-11D3-BF4B-00C04F79EFBC}") = "Sannel.TestHelpers", "NET 4.0\Sannel.TestHelpers\Sannel.TestHelpers.csproj", "{E4ECBE20-B078-459F-9E9B-E5966736E60C}"
EndProject
Project("{FAE04EC0-301F-11D3-BF4B-00C04F79EFBC}") = "Sannel.TestHelpers.Tests", "NET 4.0\Sannel.TestHelpers.Tests\Sannel.TestHelpers.Tests.csproj", "{3B308FB5-00A1-4702-8C32-4FC998A68D62}"
EndProject
Project("{FAE04EC0-301F-11D3-BF4B-00C04F79EFBC}") = "Sannel.Helpers.WinRT.Tests", "WinRT\Sannel.Helpers.WinRT.Tests\Sannel.Helpers.WinRT.Tests.csproj", "{917ACD7B-4373-4A48-9A7E-2F28B82D7ADB}"
EndProject
Project("{FAE04EC0-301F-11D3-BF4B-00C04F79EFBC}") = "Sannel.Helpers.WP8", "WP8\Sannel.Helpers.WP8\Sannel.Helpers.WP8.csproj", "{C0EDF674-26BD-4F5E-AC8F-AE60107BAAA0}"
EndProject
Project("{FAE04EC0-301F-11D3-BF4B-00C04F79EFBC}") = "Sannel.Helpers", "NET 4.5\Sannel.Helpers\Sannel.Helpers.csproj", "{1989158C-3BB7-4AE6-98B0-EFF691B743B0}"
EndProject
Project("{FAE04EC0-301F-11D3-BF4B-00C04F79EFBC}") = "Sannel.TestHelpers", "NET 4.5\Sannel.TestHelpers\Sannel.TestHelpers.csproj", "{60437E0E-B249-43BF-9A70-D2BFC12D438B}"
EndProject
Project("{FAE04EC0-301F-11D3-BF4B-00C04F79EFBC}") = "Sannel.TestHelpers.Tests", "NET 4.5\Sannel.TestHelpers.Tests\Sannel.TestHelpers.Tests.csproj", "{68ADEB49-E7AD-499B-833A-F095EC45C31B}"
EndProject
Project("{FAE04EC0-301F-11D3-BF4B-00C04F79EFBC}") = "Sannel.Helpers.Tests", "NET 4.5\Sannel.Helpers.Tests\Sannel.Helpers.Tests.csproj", "{331C0ED0-7954-484D-985D-CD9CAAB87DCD}"
EndProject
Project("{FAE04EC0-301F-11D3-BF4B-00C04F79EFBC}") = "Sannel.Helpers.Portable", "Portable\Sannel.Helpers.Portable\Sannel.Helpers.Portable.csproj", "{F464C846-365B-4C62-8DE5-22BFD4DF75E5}"
EndProject
Project("{FAE04EC0-301F-11D3-BF4B-00C04F79EFBC}") = "Sannel.Helpers.Portable.Tests", "Portable\Sannel.Helpers.Portable.Tests\Sannel.Helpers.Portable.Tests.csproj", "{7A0339D9-32F2-4F99-A50D-D93273EEDF0F}"
EndProject
Project("{FAE04EC0-301F-11D3-BF4B-00C04F79EFBC}") = "Sannel.Helpers.Web.Optimization", "NET 4.5\Sannel.Helpers.Web.Optimization\Sannel.Helpers.Web.Optimization.csproj", "{59E52C5D-5D4F-4C66-B9EC-185DF1D5AD06}"
EndProject
Project("{FAE04EC0-301F-11D3-BF4B-00C04F79EFBC}") = "Sannel.Helpers.Web.Optimization.Tests", "NET 4.5\Sannel.Helpers.Web.Optimization.Tests\Sannel.Helpers.Web.Optimization.Tests.csproj", "{F558697E-A1A1-4F3B-BC9A-8AD0F3FCAE5E}"
EndProject
Project("{FAE04EC0-301F-11D3-BF4B-00C04F79EFBC}") = "Sannel.Helpers.WP8.Tests", "WP8\Sannel.Helpers.WP8.Tests\Sannel.Helpers.WP8.Tests.csproj", "{E388F5AF-663F-4C26-984F-564FDCEFF315}"
EndProject
Project("{2150E333-8FDC-42A3-9474-1A3956D46DE8}") = "NET 4.5.1", "NET 4.5.1", "{B4A2CD33-48F4-4693-BB0A-EA1B433B5E91}"
EndProject
Project("{FAE04EC0-301F-11D3-BF4B-00C04F79EFBC}") = "Sannel.Helpers", "NET 4.5.1\Sannel.Helpers\Sannel.Helpers.csproj", "{9499F2A1-826B-41D0-84D8-08A1C8C5EF5E}"
EndProject
Project("{FAE04EC0-301F-11D3-BF4B-00C04F79EFBC}") = "Sannel.TestHelpers", "NET 4.5.1\Sannel.TestHelpers\Sannel.TestHelpers.csproj", "{583CAAB1-228D-4073-9419-537EBEE82A35}"
EndProject
Project("{FAE04EC0-301F-11D3-BF4B-00C04F79EFBC}") = "Sannel.TestHelpers.Tests", "NET 4.5.1\Sannel.TestHelpers.Tests\Sannel.TestHelpers.Tests.csproj", "{D754AACA-A129-4F97-B4D3-A31A6B27F620}"
EndProject
Project("{FAE04EC0-301F-11D3-BF4B-00C04F79EFBC}") = "Sannel.Helpers.Tests", "NET 4.5.1\Sannel.Helpers.Tests\Sannel.Helpers.Tests.csproj", "{64EE50C4-084D-4083-8E10-0B7FBE0E9093}"
EndProject
Project("{2150E333-8FDC-42A3-9474-1A3956D46DE8}") = "WinRT 8.1", "WinRT 8.1", "{55A966DC-1515-4C81-9F37-13E896DF8D2A}"
EndProject
Project("{FAE04EC0-301F-11D3-BF4B-00C04F79EFBC}") = "Sannel.Helpers.WinRT", "WinRT 8.1\Sannel.Helpers.WinRT\Sannel.Helpers.WinRT.csproj", "{34BBD9E1-C68F-451E-9A0C-A0E3B41EAF9D}"
EndProject
Project("{FAE04EC0-301F-11D3-BF4B-00C04F79EFBC}") = "Sannel.Helpers.WinRT.Tests", "WinRT 8.1\Sannel.Helpers.WinRT.Tests\Sannel.Helpers.WinRT.Tests.csproj", "{6A7C8C67-FB63-46BF-8546-BF088B892EA6}"
EndProject
Project("{FAE04EC0-301F-11D3-BF4B-00C04F79EFBC}") = "Sannel.Helpers.WinRT.WP8_1.Tests", "WinRT 8.1\Sannel.Helpers.WinRT.WP8_1.Tests\Sannel.Helpers.WinRT.WP8_1.Tests.csproj", "{DCFF5BF3-56B7-4E56-BA6F-7E084DE3D289}"
EndProject
Project("{2150E333-8FDC-42A3-9474-1A3956D46DE8}") = "WP 8.1 Silverlight", "WP 8.1 Silverlight", "{A951FFEC-E156-4211-85C4-3B76BCA5A253}"
EndProject
Project("{FAE04EC0-301F-11D3-BF4B-00C04F79EFBC}") = "Sannel.Helpers.WP8_1_Silverlight", "WP 8.1 Silverlight\Sannel.Helpers.WP8_1_Silverlight\Sannel.Helpers.WP8_1_Silverlight.csproj", "{B33003A3-F11B-4EE4-ABE9-17DBA5B609D9}"
EndProject
Project("{FAE04EC0-301F-11D3-BF4B-00C04F79EFBC}") = "Sannel.Helpers.WP8_1_Silverlight.Tests", "WP 8.1 Silverlight\Sannel.Helpers.WP8_1_Silverlight.Tests\Sannel.Helpers.WP8_1_Silverlight.Tests.csproj", "{BEDE1CA3-911D-49CF-939B-C8CEAC7E78A4}"
EndProject
Global
	GlobalSection(SolutionConfigurationPlatforms) = preSolution
		Debug|Any CPU = Debug|Any CPU
		Debug|ARM = Debug|ARM
		Debug|Mixed Platforms = Debug|Mixed Platforms
		Debug|x64 = Debug|x64
		Debug|x86 = Debug|x86
		Release|Any CPU = Release|Any CPU
		Release|ARM = Release|ARM
		Release|Mixed Platforms = Release|Mixed Platforms
		Release|x64 = Release|x64
		Release|x86 = Release|x86
	EndGlobalSection
	GlobalSection(ProjectConfigurationPlatforms) = postSolution
		{151FB2D8-717D-4BDD-A229-AE55D8D81A22}.Debug|Any CPU.ActiveCfg = Debug|Any CPU
		{151FB2D8-717D-4BDD-A229-AE55D8D81A22}.Debug|Any CPU.Build.0 = Debug|Any CPU
		{151FB2D8-717D-4BDD-A229-AE55D8D81A22}.Debug|ARM.ActiveCfg = Debug|Any CPU
		{151FB2D8-717D-4BDD-A229-AE55D8D81A22}.Debug|Mixed Platforms.ActiveCfg = Debug|Any CPU
		{151FB2D8-717D-4BDD-A229-AE55D8D81A22}.Debug|Mixed Platforms.Build.0 = Debug|Any CPU
		{151FB2D8-717D-4BDD-A229-AE55D8D81A22}.Debug|x64.ActiveCfg = Debug|Any CPU
		{151FB2D8-717D-4BDD-A229-AE55D8D81A22}.Debug|x86.ActiveCfg = Debug|Any CPU
		{151FB2D8-717D-4BDD-A229-AE55D8D81A22}.Release|Any CPU.ActiveCfg = Release|Any CPU
		{151FB2D8-717D-4BDD-A229-AE55D8D81A22}.Release|Any CPU.Build.0 = Release|Any CPU
		{151FB2D8-717D-4BDD-A229-AE55D8D81A22}.Release|ARM.ActiveCfg = Release|Any CPU
		{151FB2D8-717D-4BDD-A229-AE55D8D81A22}.Release|Mixed Platforms.ActiveCfg = Release|Any CPU
		{151FB2D8-717D-4BDD-A229-AE55D8D81A22}.Release|Mixed Platforms.Build.0 = Release|Any CPU
		{151FB2D8-717D-4BDD-A229-AE55D8D81A22}.Release|x64.ActiveCfg = Release|Any CPU
		{151FB2D8-717D-4BDD-A229-AE55D8D81A22}.Release|x86.ActiveCfg = Release|Any CPU
		{B9C16BA1-E171-4C53-82EA-1C901A1E02D5}.Debug|Any CPU.ActiveCfg = Debug|Any CPU
		{B9C16BA1-E171-4C53-82EA-1C901A1E02D5}.Debug|Any CPU.Build.0 = Debug|Any CPU
		{B9C16BA1-E171-4C53-82EA-1C901A1E02D5}.Debug|ARM.ActiveCfg = Debug|ARM
		{B9C16BA1-E171-4C53-82EA-1C901A1E02D5}.Debug|ARM.Build.0 = Debug|ARM
		{B9C16BA1-E171-4C53-82EA-1C901A1E02D5}.Debug|Mixed Platforms.ActiveCfg = Debug|x86
		{B9C16BA1-E171-4C53-82EA-1C901A1E02D5}.Debug|Mixed Platforms.Build.0 = Debug|x86
		{B9C16BA1-E171-4C53-82EA-1C901A1E02D5}.Debug|x64.ActiveCfg = Debug|x64
		{B9C16BA1-E171-4C53-82EA-1C901A1E02D5}.Debug|x64.Build.0 = Debug|x64
		{B9C16BA1-E171-4C53-82EA-1C901A1E02D5}.Debug|x86.ActiveCfg = Debug|x86
		{B9C16BA1-E171-4C53-82EA-1C901A1E02D5}.Debug|x86.Build.0 = Debug|x86
		{B9C16BA1-E171-4C53-82EA-1C901A1E02D5}.Release|Any CPU.ActiveCfg = Release|Any CPU
		{B9C16BA1-E171-4C53-82EA-1C901A1E02D5}.Release|Any CPU.Build.0 = Release|Any CPU
		{B9C16BA1-E171-4C53-82EA-1C901A1E02D5}.Release|ARM.ActiveCfg = Release|ARM
		{B9C16BA1-E171-4C53-82EA-1C901A1E02D5}.Release|ARM.Build.0 = Release|ARM
		{B9C16BA1-E171-4C53-82EA-1C901A1E02D5}.Release|Mixed Platforms.ActiveCfg = Release|x86
		{B9C16BA1-E171-4C53-82EA-1C901A1E02D5}.Release|Mixed Platforms.Build.0 = Release|x86
		{B9C16BA1-E171-4C53-82EA-1C901A1E02D5}.Release|x64.ActiveCfg = Release|x64
		{B9C16BA1-E171-4C53-82EA-1C901A1E02D5}.Release|x64.Build.0 = Release|x64
		{B9C16BA1-E171-4C53-82EA-1C901A1E02D5}.Release|x86.ActiveCfg = Release|x86
		{B9C16BA1-E171-4C53-82EA-1C901A1E02D5}.Release|x86.Build.0 = Release|x86
		{33583135-A29D-4C95-A360-998DDD4F6023}.Debug|Any CPU.ActiveCfg = Debug|Any CPU
		{33583135-A29D-4C95-A360-998DDD4F6023}.Debug|Any CPU.Build.0 = Debug|Any CPU
		{33583135-A29D-4C95-A360-998DDD4F6023}.Debug|ARM.ActiveCfg = Debug|Any CPU
		{33583135-A29D-4C95-A360-998DDD4F6023}.Debug|Mixed Platforms.ActiveCfg = Debug|Any CPU
		{33583135-A29D-4C95-A360-998DDD4F6023}.Debug|Mixed Platforms.Build.0 = Debug|Any CPU
		{33583135-A29D-4C95-A360-998DDD4F6023}.Debug|x64.ActiveCfg = Debug|Any CPU
		{33583135-A29D-4C95-A360-998DDD4F6023}.Debug|x86.ActiveCfg = Debug|Any CPU
		{33583135-A29D-4C95-A360-998DDD4F6023}.Release|Any CPU.ActiveCfg = Release|Any CPU
		{33583135-A29D-4C95-A360-998DDD4F6023}.Release|Any CPU.Build.0 = Release|Any CPU
		{33583135-A29D-4C95-A360-998DDD4F6023}.Release|ARM.ActiveCfg = Release|Any CPU
		{33583135-A29D-4C95-A360-998DDD4F6023}.Release|Mixed Platforms.ActiveCfg = Release|Any CPU
		{33583135-A29D-4C95-A360-998DDD4F6023}.Release|Mixed Platforms.Build.0 = Release|Any CPU
		{33583135-A29D-4C95-A360-998DDD4F6023}.Release|x64.ActiveCfg = Release|Any CPU
		{33583135-A29D-4C95-A360-998DDD4F6023}.Release|x86.ActiveCfg = Release|Any CPU
		{E4ECBE20-B078-459F-9E9B-E5966736E60C}.Debug|Any CPU.ActiveCfg = Debug|Any CPU
		{E4ECBE20-B078-459F-9E9B-E5966736E60C}.Debug|Any CPU.Build.0 = Debug|Any CPU
		{E4ECBE20-B078-459F-9E9B-E5966736E60C}.Debug|ARM.ActiveCfg = Debug|Any CPU
		{E4ECBE20-B078-459F-9E9B-E5966736E60C}.Debug|Mixed Platforms.ActiveCfg = Debug|Any CPU
		{E4ECBE20-B078-459F-9E9B-E5966736E60C}.Debug|Mixed Platforms.Build.0 = Debug|Any CPU
		{E4ECBE20-B078-459F-9E9B-E5966736E60C}.Debug|x64.ActiveCfg = Debug|Any CPU
		{E4ECBE20-B078-459F-9E9B-E5966736E60C}.Debug|x86.ActiveCfg = Debug|Any CPU
		{E4ECBE20-B078-459F-9E9B-E5966736E60C}.Release|Any CPU.ActiveCfg = Release|Any CPU
		{E4ECBE20-B078-459F-9E9B-E5966736E60C}.Release|Any CPU.Build.0 = Release|Any CPU
		{E4ECBE20-B078-459F-9E9B-E5966736E60C}.Release|ARM.ActiveCfg = Release|Any CPU
		{E4ECBE20-B078-459F-9E9B-E5966736E60C}.Release|Mixed Platforms.ActiveCfg = Release|Any CPU
		{E4ECBE20-B078-459F-9E9B-E5966736E60C}.Release|Mixed Platforms.Build.0 = Release|Any CPU
		{E4ECBE20-B078-459F-9E9B-E5966736E60C}.Release|x64.ActiveCfg = Release|Any CPU
		{E4ECBE20-B078-459F-9E9B-E5966736E60C}.Release|x86.ActiveCfg = Release|Any CPU
		{3B308FB5-00A1-4702-8C32-4FC998A68D62}.Debug|Any CPU.ActiveCfg = Debug|Any CPU
		{3B308FB5-00A1-4702-8C32-4FC998A68D62}.Debug|Any CPU.Build.0 = Debug|Any CPU
		{3B308FB5-00A1-4702-8C32-4FC998A68D62}.Debug|ARM.ActiveCfg = Debug|Any CPU
		{3B308FB5-00A1-4702-8C32-4FC998A68D62}.Debug|Mixed Platforms.ActiveCfg = Debug|Any CPU
		{3B308FB5-00A1-4702-8C32-4FC998A68D62}.Debug|Mixed Platforms.Build.0 = Debug|Any CPU
		{3B308FB5-00A1-4702-8C32-4FC998A68D62}.Debug|x64.ActiveCfg = Debug|Any CPU
		{3B308FB5-00A1-4702-8C32-4FC998A68D62}.Debug|x86.ActiveCfg = Debug|Any CPU
		{3B308FB5-00A1-4702-8C32-4FC998A68D62}.Release|Any CPU.ActiveCfg = Release|Any CPU
		{3B308FB5-00A1-4702-8C32-4FC998A68D62}.Release|Any CPU.Build.0 = Release|Any CPU
		{3B308FB5-00A1-4702-8C32-4FC998A68D62}.Release|ARM.ActiveCfg = Release|Any CPU
		{3B308FB5-00A1-4702-8C32-4FC998A68D62}.Release|Mixed Platforms.ActiveCfg = Release|Any CPU
		{3B308FB5-00A1-4702-8C32-4FC998A68D62}.Release|Mixed Platforms.Build.0 = Release|Any CPU
		{3B308FB5-00A1-4702-8C32-4FC998A68D62}.Release|x64.ActiveCfg = Release|Any CPU
		{3B308FB5-00A1-4702-8C32-4FC998A68D62}.Release|x86.ActiveCfg = Release|Any CPU
		{917ACD7B-4373-4A48-9A7E-2F28B82D7ADB}.Debug|Any CPU.ActiveCfg = Debug|Any CPU
		{917ACD7B-4373-4A48-9A7E-2F28B82D7ADB}.Debug|Any CPU.Build.0 = Debug|Any CPU
		{917ACD7B-4373-4A48-9A7E-2F28B82D7ADB}.Debug|Any CPU.Deploy.0 = Debug|Any CPU
		{917ACD7B-4373-4A48-9A7E-2F28B82D7ADB}.Debug|ARM.ActiveCfg = Debug|ARM
		{917ACD7B-4373-4A48-9A7E-2F28B82D7ADB}.Debug|ARM.Build.0 = Debug|ARM
		{917ACD7B-4373-4A48-9A7E-2F28B82D7ADB}.Debug|ARM.Deploy.0 = Debug|ARM
		{917ACD7B-4373-4A48-9A7E-2F28B82D7ADB}.Debug|Mixed Platforms.ActiveCfg = Debug|x86
		{917ACD7B-4373-4A48-9A7E-2F28B82D7ADB}.Debug|Mixed Platforms.Build.0 = Debug|x86
		{917ACD7B-4373-4A48-9A7E-2F28B82D7ADB}.Debug|Mixed Platforms.Deploy.0 = Debug|x86
		{917ACD7B-4373-4A48-9A7E-2F28B82D7ADB}.Debug|x64.ActiveCfg = Debug|x64
		{917ACD7B-4373-4A48-9A7E-2F28B82D7ADB}.Debug|x64.Build.0 = Debug|x64
		{917ACD7B-4373-4A48-9A7E-2F28B82D7ADB}.Debug|x64.Deploy.0 = Debug|x64
		{917ACD7B-4373-4A48-9A7E-2F28B82D7ADB}.Debug|x86.ActiveCfg = Debug|x86
		{917ACD7B-4373-4A48-9A7E-2F28B82D7ADB}.Debug|x86.Build.0 = Debug|x86
		{917ACD7B-4373-4A48-9A7E-2F28B82D7ADB}.Debug|x86.Deploy.0 = Debug|x86
		{917ACD7B-4373-4A48-9A7E-2F28B82D7ADB}.Release|Any CPU.ActiveCfg = Release|Any CPU
		{917ACD7B-4373-4A48-9A7E-2F28B82D7ADB}.Release|Any CPU.Build.0 = Release|Any CPU
		{917ACD7B-4373-4A48-9A7E-2F28B82D7ADB}.Release|Any CPU.Deploy.0 = Release|Any CPU
		{917ACD7B-4373-4A48-9A7E-2F28B82D7ADB}.Release|ARM.ActiveCfg = Release|ARM
		{917ACD7B-4373-4A48-9A7E-2F28B82D7ADB}.Release|ARM.Build.0 = Release|ARM
		{917ACD7B-4373-4A48-9A7E-2F28B82D7ADB}.Release|ARM.Deploy.0 = Release|ARM
		{917ACD7B-4373-4A48-9A7E-2F28B82D7ADB}.Release|Mixed Platforms.ActiveCfg = Release|x86
		{917ACD7B-4373-4A48-9A7E-2F28B82D7ADB}.Release|Mixed Platforms.Build.0 = Release|x86
		{917ACD7B-4373-4A48-9A7E-2F28B82D7ADB}.Release|Mixed Platforms.Deploy.0 = Release|x86
		{917ACD7B-4373-4A48-9A7E-2F28B82D7ADB}.Release|x64.ActiveCfg = Release|x64
		{917ACD7B-4373-4A48-9A7E-2F28B82D7ADB}.Release|x64.Build.0 = Release|x64
		{917ACD7B-4373-4A48-9A7E-2F28B82D7ADB}.Release|x64.Deploy.0 = Release|x64
		{917ACD7B-4373-4A48-9A7E-2F28B82D7ADB}.Release|x86.ActiveCfg = Release|x86
		{917ACD7B-4373-4A48-9A7E-2F28B82D7ADB}.Release|x86.Build.0 = Release|x86
		{917ACD7B-4373-4A48-9A7E-2F28B82D7ADB}.Release|x86.Deploy.0 = Release|x86
		{C0EDF674-26BD-4F5E-AC8F-AE60107BAAA0}.Debug|Any CPU.ActiveCfg = Debug|Any CPU
		{C0EDF674-26BD-4F5E-AC8F-AE60107BAAA0}.Debug|Any CPU.Build.0 = Debug|Any CPU
		{C0EDF674-26BD-4F5E-AC8F-AE60107BAAA0}.Debug|ARM.ActiveCfg = Debug|ARM
		{C0EDF674-26BD-4F5E-AC8F-AE60107BAAA0}.Debug|ARM.Build.0 = Debug|ARM
		{C0EDF674-26BD-4F5E-AC8F-AE60107BAAA0}.Debug|Mixed Platforms.ActiveCfg = Debug|x86
		{C0EDF674-26BD-4F5E-AC8F-AE60107BAAA0}.Debug|Mixed Platforms.Build.0 = Debug|x86
		{C0EDF674-26BD-4F5E-AC8F-AE60107BAAA0}.Debug|x64.ActiveCfg = Debug|Any CPU
		{C0EDF674-26BD-4F5E-AC8F-AE60107BAAA0}.Debug|x86.ActiveCfg = Debug|x86
		{C0EDF674-26BD-4F5E-AC8F-AE60107BAAA0}.Debug|x86.Build.0 = Debug|x86
		{C0EDF674-26BD-4F5E-AC8F-AE60107BAAA0}.Release|Any CPU.ActiveCfg = Release|Any CPU
		{C0EDF674-26BD-4F5E-AC8F-AE60107BAAA0}.Release|Any CPU.Build.0 = Release|Any CPU
		{C0EDF674-26BD-4F5E-AC8F-AE60107BAAA0}.Release|ARM.ActiveCfg = Release|ARM
		{C0EDF674-26BD-4F5E-AC8F-AE60107BAAA0}.Release|ARM.Build.0 = Release|ARM
		{C0EDF674-26BD-4F5E-AC8F-AE60107BAAA0}.Release|Mixed Platforms.ActiveCfg = Release|x86
		{C0EDF674-26BD-4F5E-AC8F-AE60107BAAA0}.Release|Mixed Platforms.Build.0 = Release|x86
		{C0EDF674-26BD-4F5E-AC8F-AE60107BAAA0}.Release|x64.ActiveCfg = Release|Any CPU
		{C0EDF674-26BD-4F5E-AC8F-AE60107BAAA0}.Release|x86.ActiveCfg = Release|x86
		{C0EDF674-26BD-4F5E-AC8F-AE60107BAAA0}.Release|x86.Build.0 = Release|x86
		{1989158C-3BB7-4AE6-98B0-EFF691B743B0}.Debug|Any CPU.ActiveCfg = Debug|Any CPU
		{1989158C-3BB7-4AE6-98B0-EFF691B743B0}.Debug|Any CPU.Build.0 = Debug|Any CPU
		{1989158C-3BB7-4AE6-98B0-EFF691B743B0}.Debug|ARM.ActiveCfg = Debug|Any CPU
		{1989158C-3BB7-4AE6-98B0-EFF691B743B0}.Debug|Mixed Platforms.ActiveCfg = Debug|Any CPU
		{1989158C-3BB7-4AE6-98B0-EFF691B743B0}.Debug|Mixed Platforms.Build.0 = Debug|Any CPU
		{1989158C-3BB7-4AE6-98B0-EFF691B743B0}.Debug|x64.ActiveCfg = Debug|Any CPU
		{1989158C-3BB7-4AE6-98B0-EFF691B743B0}.Debug|x86.ActiveCfg = Debug|Any CPU
		{1989158C-3BB7-4AE6-98B0-EFF691B743B0}.Release|Any CPU.ActiveCfg = Release|Any CPU
		{1989158C-3BB7-4AE6-98B0-EFF691B743B0}.Release|Any CPU.Build.0 = Release|Any CPU
		{1989158C-3BB7-4AE6-98B0-EFF691B743B0}.Release|ARM.ActiveCfg = Release|Any CPU
		{1989158C-3BB7-4AE6-98B0-EFF691B743B0}.Release|Mixed Platforms.ActiveCfg = Release|Any CPU
		{1989158C-3BB7-4AE6-98B0-EFF691B743B0}.Release|Mixed Platforms.Build.0 = Release|Any CPU
		{1989158C-3BB7-4AE6-98B0-EFF691B743B0}.Release|x64.ActiveCfg = Release|Any CPU
		{1989158C-3BB7-4AE6-98B0-EFF691B743B0}.Release|x86.ActiveCfg = Release|Any CPU
		{60437E0E-B249-43BF-9A70-D2BFC12D438B}.Debug|Any CPU.ActiveCfg = Debug|Any CPU
		{60437E0E-B249-43BF-9A70-D2BFC12D438B}.Debug|Any CPU.Build.0 = Debug|Any CPU
		{60437E0E-B249-43BF-9A70-D2BFC12D438B}.Debug|ARM.ActiveCfg = Debug|Any CPU
		{60437E0E-B249-43BF-9A70-D2BFC12D438B}.Debug|Mixed Platforms.ActiveCfg = Debug|Any CPU
		{60437E0E-B249-43BF-9A70-D2BFC12D438B}.Debug|Mixed Platforms.Build.0 = Debug|Any CPU
		{60437E0E-B249-43BF-9A70-D2BFC12D438B}.Debug|x64.ActiveCfg = Debug|Any CPU
		{60437E0E-B249-43BF-9A70-D2BFC12D438B}.Debug|x86.ActiveCfg = Debug|Any CPU
		{60437E0E-B249-43BF-9A70-D2BFC12D438B}.Release|Any CPU.ActiveCfg = Release|Any CPU
		{60437E0E-B249-43BF-9A70-D2BFC12D438B}.Release|Any CPU.Build.0 = Release|Any CPU
		{60437E0E-B249-43BF-9A70-D2BFC12D438B}.Release|ARM.ActiveCfg = Release|Any CPU
		{60437E0E-B249-43BF-9A70-D2BFC12D438B}.Release|Mixed Platforms.ActiveCfg = Release|Any CPU
		{60437E0E-B249-43BF-9A70-D2BFC12D438B}.Release|Mixed Platforms.Build.0 = Release|Any CPU
		{60437E0E-B249-43BF-9A70-D2BFC12D438B}.Release|x64.ActiveCfg = Release|Any CPU
		{60437E0E-B249-43BF-9A70-D2BFC12D438B}.Release|x86.ActiveCfg = Release|Any CPU
		{68ADEB49-E7AD-499B-833A-F095EC45C31B}.Debug|Any CPU.ActiveCfg = Debug|Any CPU
		{68ADEB49-E7AD-499B-833A-F095EC45C31B}.Debug|Any CPU.Build.0 = Debug|Any CPU
		{68ADEB49-E7AD-499B-833A-F095EC45C31B}.Debug|ARM.ActiveCfg = Debug|Any CPU
		{68ADEB49-E7AD-499B-833A-F095EC45C31B}.Debug|Mixed Platforms.ActiveCfg = Debug|Any CPU
		{68ADEB49-E7AD-499B-833A-F095EC45C31B}.Debug|Mixed Platforms.Build.0 = Debug|Any CPU
		{68ADEB49-E7AD-499B-833A-F095EC45C31B}.Debug|x64.ActiveCfg = Debug|Any CPU
		{68ADEB49-E7AD-499B-833A-F095EC45C31B}.Debug|x86.ActiveCfg = Debug|Any CPU
		{68ADEB49-E7AD-499B-833A-F095EC45C31B}.Release|Any CPU.ActiveCfg = Release|Any CPU
		{68ADEB49-E7AD-499B-833A-F095EC45C31B}.Release|Any CPU.Build.0 = Release|Any CPU
		{68ADEB49-E7AD-499B-833A-F095EC45C31B}.Release|ARM.ActiveCfg = Release|Any CPU
		{68ADEB49-E7AD-499B-833A-F095EC45C31B}.Release|Mixed Platforms.ActiveCfg = Release|Any CPU
		{68ADEB49-E7AD-499B-833A-F095EC45C31B}.Release|Mixed Platforms.Build.0 = Release|Any CPU
		{68ADEB49-E7AD-499B-833A-F095EC45C31B}.Release|x64.ActiveCfg = Release|Any CPU
		{68ADEB49-E7AD-499B-833A-F095EC45C31B}.Release|x86.ActiveCfg = Release|Any CPU
		{331C0ED0-7954-484D-985D-CD9CAAB87DCD}.Debug|Any CPU.ActiveCfg = Debug|Any CPU
		{331C0ED0-7954-484D-985D-CD9CAAB87DCD}.Debug|Any CPU.Build.0 = Debug|Any CPU
		{331C0ED0-7954-484D-985D-CD9CAAB87DCD}.Debug|ARM.ActiveCfg = Debug|Any CPU
		{331C0ED0-7954-484D-985D-CD9CAAB87DCD}.Debug|Mixed Platforms.ActiveCfg = Debug|Any CPU
		{331C0ED0-7954-484D-985D-CD9CAAB87DCD}.Debug|Mixed Platforms.Build.0 = Debug|Any CPU
		{331C0ED0-7954-484D-985D-CD9CAAB87DCD}.Debug|x64.ActiveCfg = Debug|Any CPU
		{331C0ED0-7954-484D-985D-CD9CAAB87DCD}.Debug|x86.ActiveCfg = Debug|Any CPU
		{331C0ED0-7954-484D-985D-CD9CAAB87DCD}.Release|Any CPU.ActiveCfg = Release|Any CPU
		{331C0ED0-7954-484D-985D-CD9CAAB87DCD}.Release|Any CPU.Build.0 = Release|Any CPU
		{331C0ED0-7954-484D-985D-CD9CAAB87DCD}.Release|ARM.ActiveCfg = Release|Any CPU
		{331C0ED0-7954-484D-985D-CD9CAAB87DCD}.Release|Mixed Platforms.ActiveCfg = Release|Any CPU
		{331C0ED0-7954-484D-985D-CD9CAAB87DCD}.Release|Mixed Platforms.Build.0 = Release|Any CPU
		{331C0ED0-7954-484D-985D-CD9CAAB87DCD}.Release|x64.ActiveCfg = Release|Any CPU
		{331C0ED0-7954-484D-985D-CD9CAAB87DCD}.Release|x86.ActiveCfg = Release|Any CPU
		{F464C846-365B-4C62-8DE5-22BFD4DF75E5}.Debug|Any CPU.ActiveCfg = Debug|Any CPU
		{F464C846-365B-4C62-8DE5-22BFD4DF75E5}.Debug|Any CPU.Build.0 = Debug|Any CPU
		{F464C846-365B-4C62-8DE5-22BFD4DF75E5}.Debug|ARM.ActiveCfg = Debug|Any CPU
		{F464C846-365B-4C62-8DE5-22BFD4DF75E5}.Debug|Mixed Platforms.ActiveCfg = Debug|Any CPU
		{F464C846-365B-4C62-8DE5-22BFD4DF75E5}.Debug|Mixed Platforms.Build.0 = Debug|Any CPU
		{F464C846-365B-4C62-8DE5-22BFD4DF75E5}.Debug|x64.ActiveCfg = Debug|Any CPU
		{F464C846-365B-4C62-8DE5-22BFD4DF75E5}.Debug|x86.ActiveCfg = Debug|Any CPU
		{F464C846-365B-4C62-8DE5-22BFD4DF75E5}.Release|Any CPU.ActiveCfg = Release|Any CPU
		{F464C846-365B-4C62-8DE5-22BFD4DF75E5}.Release|Any CPU.Build.0 = Release|Any CPU
		{F464C846-365B-4C62-8DE5-22BFD4DF75E5}.Release|ARM.ActiveCfg = Release|Any CPU
		{F464C846-365B-4C62-8DE5-22BFD4DF75E5}.Release|Mixed Platforms.ActiveCfg = Release|Any CPU
		{F464C846-365B-4C62-8DE5-22BFD4DF75E5}.Release|Mixed Platforms.Build.0 = Release|Any CPU
		{F464C846-365B-4C62-8DE5-22BFD4DF75E5}.Release|x64.ActiveCfg = Release|Any CPU
		{F464C846-365B-4C62-8DE5-22BFD4DF75E5}.Release|x86.ActiveCfg = Release|Any CPU
		{7A0339D9-32F2-4F99-A50D-D93273EEDF0F}.Debug|Any CPU.ActiveCfg = Debug|Any CPU
		{7A0339D9-32F2-4F99-A50D-D93273EEDF0F}.Debug|Any CPU.Build.0 = Debug|Any CPU
		{7A0339D9-32F2-4F99-A50D-D93273EEDF0F}.Debug|ARM.ActiveCfg = Debug|Any CPU
		{7A0339D9-32F2-4F99-A50D-D93273EEDF0F}.Debug|Mixed Platforms.ActiveCfg = Debug|Any CPU
		{7A0339D9-32F2-4F99-A50D-D93273EEDF0F}.Debug|Mixed Platforms.Build.0 = Debug|Any CPU
		{7A0339D9-32F2-4F99-A50D-D93273EEDF0F}.Debug|x64.ActiveCfg = Debug|Any CPU
		{7A0339D9-32F2-4F99-A50D-D93273EEDF0F}.Debug|x86.ActiveCfg = Debug|Any CPU
		{7A0339D9-32F2-4F99-A50D-D93273EEDF0F}.Release|Any CPU.ActiveCfg = Release|Any CPU
		{7A0339D9-32F2-4F99-A50D-D93273EEDF0F}.Release|Any CPU.Build.0 = Release|Any CPU
		{7A0339D9-32F2-4F99-A50D-D93273EEDF0F}.Release|ARM.ActiveCfg = Release|Any CPU
		{7A0339D9-32F2-4F99-A50D-D93273EEDF0F}.Release|Mixed Platforms.ActiveCfg = Release|Any CPU
		{7A0339D9-32F2-4F99-A50D-D93273EEDF0F}.Release|Mixed Platforms.Build.0 = Release|Any CPU
		{7A0339D9-32F2-4F99-A50D-D93273EEDF0F}.Release|x64.ActiveCfg = Release|Any CPU
		{7A0339D9-32F2-4F99-A50D-D93273EEDF0F}.Release|x86.ActiveCfg = Release|Any CPU
		{59E52C5D-5D4F-4C66-B9EC-185DF1D5AD06}.Debug|Any CPU.ActiveCfg = Debug|Any CPU
		{59E52C5D-5D4F-4C66-B9EC-185DF1D5AD06}.Debug|Any CPU.Build.0 = Debug|Any CPU
		{59E52C5D-5D4F-4C66-B9EC-185DF1D5AD06}.Debug|ARM.ActiveCfg = Debug|Any CPU
		{59E52C5D-5D4F-4C66-B9EC-185DF1D5AD06}.Debug|Mixed Platforms.ActiveCfg = Debug|Any CPU
		{59E52C5D-5D4F-4C66-B9EC-185DF1D5AD06}.Debug|Mixed Platforms.Build.0 = Debug|Any CPU
		{59E52C5D-5D4F-4C66-B9EC-185DF1D5AD06}.Debug|x64.ActiveCfg = Debug|Any CPU
		{59E52C5D-5D4F-4C66-B9EC-185DF1D5AD06}.Debug|x86.ActiveCfg = Debug|Any CPU
		{59E52C5D-5D4F-4C66-B9EC-185DF1D5AD06}.Release|Any CPU.ActiveCfg = Release|Any CPU
		{59E52C5D-5D4F-4C66-B9EC-185DF1D5AD06}.Release|Any CPU.Build.0 = Release|Any CPU
		{59E52C5D-5D4F-4C66-B9EC-185DF1D5AD06}.Release|ARM.ActiveCfg = Release|Any CPU
		{59E52C5D-5D4F-4C66-B9EC-185DF1D5AD06}.Release|Mixed Platforms.ActiveCfg = Release|Any CPU
		{59E52C5D-5D4F-4C66-B9EC-185DF1D5AD06}.Release|Mixed Platforms.Build.0 = Release|Any CPU
		{59E52C5D-5D4F-4C66-B9EC-185DF1D5AD06}.Release|x64.ActiveCfg = Release|Any CPU
		{59E52C5D-5D4F-4C66-B9EC-185DF1D5AD06}.Release|x86.ActiveCfg = Release|Any CPU
		{F558697E-A1A1-4F3B-BC9A-8AD0F3FCAE5E}.Debug|Any CPU.ActiveCfg = Debug|Any CPU
		{F558697E-A1A1-4F3B-BC9A-8AD0F3FCAE5E}.Debug|Any CPU.Build.0 = Debug|Any CPU
		{F558697E-A1A1-4F3B-BC9A-8AD0F3FCAE5E}.Debug|ARM.ActiveCfg = Debug|Any CPU
		{F558697E-A1A1-4F3B-BC9A-8AD0F3FCAE5E}.Debug|Mixed Platforms.ActiveCfg = Debug|Any CPU
		{F558697E-A1A1-4F3B-BC9A-8AD0F3FCAE5E}.Debug|Mixed Platforms.Build.0 = Debug|Any CPU
		{F558697E-A1A1-4F3B-BC9A-8AD0F3FCAE5E}.Debug|x64.ActiveCfg = Debug|Any CPU
		{F558697E-A1A1-4F3B-BC9A-8AD0F3FCAE5E}.Debug|x86.ActiveCfg = Debug|Any CPU
		{F558697E-A1A1-4F3B-BC9A-8AD0F3FCAE5E}.Release|Any CPU.ActiveCfg = Release|Any CPU
		{F558697E-A1A1-4F3B-BC9A-8AD0F3FCAE5E}.Release|Any CPU.Build.0 = Release|Any CPU
		{F558697E-A1A1-4F3B-BC9A-8AD0F3FCAE5E}.Release|ARM.ActiveCfg = Release|Any CPU
		{F558697E-A1A1-4F3B-BC9A-8AD0F3FCAE5E}.Release|Mixed Platforms.ActiveCfg = Release|Any CPU
		{F558697E-A1A1-4F3B-BC9A-8AD0F3FCAE5E}.Release|Mixed Platforms.Build.0 = Release|Any CPU
		{F558697E-A1A1-4F3B-BC9A-8AD0F3FCAE5E}.Release|x64.ActiveCfg = Release|Any CPU
		{F558697E-A1A1-4F3B-BC9A-8AD0F3FCAE5E}.Release|x86.ActiveCfg = Release|Any CPU
		{E388F5AF-663F-4C26-984F-564FDCEFF315}.Debug|Any CPU.ActiveCfg = Debug|x86
		{E388F5AF-663F-4C26-984F-564FDCEFF315}.Debug|ARM.ActiveCfg = Debug|ARM
		{E388F5AF-663F-4C26-984F-564FDCEFF315}.Debug|ARM.Build.0 = Debug|ARM
		{E388F5AF-663F-4C26-984F-564FDCEFF315}.Debug|ARM.Deploy.0 = Debug|ARM
		{E388F5AF-663F-4C26-984F-564FDCEFF315}.Debug|Mixed Platforms.ActiveCfg = Debug|x86
		{E388F5AF-663F-4C26-984F-564FDCEFF315}.Debug|Mixed Platforms.Build.0 = Debug|x86
		{E388F5AF-663F-4C26-984F-564FDCEFF315}.Debug|Mixed Platforms.Deploy.0 = Debug|x86
		{E388F5AF-663F-4C26-984F-564FDCEFF315}.Debug|x64.ActiveCfg = Debug|x86
		{E388F5AF-663F-4C26-984F-564FDCEFF315}.Debug|x86.ActiveCfg = Debug|x86
		{E388F5AF-663F-4C26-984F-564FDCEFF315}.Debug|x86.Build.0 = Debug|x86
		{E388F5AF-663F-4C26-984F-564FDCEFF315}.Debug|x86.Deploy.0 = Debug|x86
		{E388F5AF-663F-4C26-984F-564FDCEFF315}.Release|Any CPU.ActiveCfg = Release|x86
		{E388F5AF-663F-4C26-984F-564FDCEFF315}.Release|ARM.ActiveCfg = Release|ARM
		{E388F5AF-663F-4C26-984F-564FDCEFF315}.Release|ARM.Build.0 = Release|ARM
		{E388F5AF-663F-4C26-984F-564FDCEFF315}.Release|ARM.Deploy.0 = Release|ARM
		{E388F5AF-663F-4C26-984F-564FDCEFF315}.Release|Mixed Platforms.ActiveCfg = Release|x86
		{E388F5AF-663F-4C26-984F-564FDCEFF315}.Release|Mixed Platforms.Build.0 = Release|x86
		{E388F5AF-663F-4C26-984F-564FDCEFF315}.Release|Mixed Platforms.Deploy.0 = Release|x86
		{E388F5AF-663F-4C26-984F-564FDCEFF315}.Release|x64.ActiveCfg = Release|x86
		{E388F5AF-663F-4C26-984F-564FDCEFF315}.Release|x86.ActiveCfg = Release|x86
		{E388F5AF-663F-4C26-984F-564FDCEFF315}.Release|x86.Build.0 = Release|x86
		{E388F5AF-663F-4C26-984F-564FDCEFF315}.Release|x86.Deploy.0 = Release|x86
		{9499F2A1-826B-41D0-84D8-08A1C8C5EF5E}.Debug|Any CPU.ActiveCfg = Debug|Any CPU
		{9499F2A1-826B-41D0-84D8-08A1C8C5EF5E}.Debug|Any CPU.Build.0 = Debug|Any CPU
		{9499F2A1-826B-41D0-84D8-08A1C8C5EF5E}.Debug|ARM.ActiveCfg = Debug|Any CPU
		{9499F2A1-826B-41D0-84D8-08A1C8C5EF5E}.Debug|Mixed Platforms.ActiveCfg = Debug|Any CPU
		{9499F2A1-826B-41D0-84D8-08A1C8C5EF5E}.Debug|Mixed Platforms.Build.0 = Debug|Any CPU
		{9499F2A1-826B-41D0-84D8-08A1C8C5EF5E}.Debug|x64.ActiveCfg = Debug|Any CPU
		{9499F2A1-826B-41D0-84D8-08A1C8C5EF5E}.Debug|x86.ActiveCfg = Debug|Any CPU
		{9499F2A1-826B-41D0-84D8-08A1C8C5EF5E}.Release|Any CPU.ActiveCfg = Release|Any CPU
		{9499F2A1-826B-41D0-84D8-08A1C8C5EF5E}.Release|Any CPU.Build.0 = Release|Any CPU
		{9499F2A1-826B-41D0-84D8-08A1C8C5EF5E}.Release|ARM.ActiveCfg = Release|Any CPU
		{9499F2A1-826B-41D0-84D8-08A1C8C5EF5E}.Release|Mixed Platforms.ActiveCfg = Release|Any CPU
		{9499F2A1-826B-41D0-84D8-08A1C8C5EF5E}.Release|Mixed Platforms.Build.0 = Release|Any CPU
		{9499F2A1-826B-41D0-84D8-08A1C8C5EF5E}.Release|x64.ActiveCfg = Release|Any CPU
		{9499F2A1-826B-41D0-84D8-08A1C8C5EF5E}.Release|x86.ActiveCfg = Release|Any CPU
		{583CAAB1-228D-4073-9419-537EBEE82A35}.Debug|Any CPU.ActiveCfg = Debug|Any CPU
		{583CAAB1-228D-4073-9419-537EBEE82A35}.Debug|Any CPU.Build.0 = Debug|Any CPU
		{583CAAB1-228D-4073-9419-537EBEE82A35}.Debug|ARM.ActiveCfg = Debug|Any CPU
		{583CAAB1-228D-4073-9419-537EBEE82A35}.Debug|Mixed Platforms.ActiveCfg = Debug|Any CPU
		{583CAAB1-228D-4073-9419-537EBEE82A35}.Debug|Mixed Platforms.Build.0 = Debug|Any CPU
		{583CAAB1-228D-4073-9419-537EBEE82A35}.Debug|x64.ActiveCfg = Debug|Any CPU
		{583CAAB1-228D-4073-9419-537EBEE82A35}.Debug|x86.ActiveCfg = Debug|Any CPU
		{583CAAB1-228D-4073-9419-537EBEE82A35}.Release|Any CPU.ActiveCfg = Release|Any CPU
		{583CAAB1-228D-4073-9419-537EBEE82A35}.Release|Any CPU.Build.0 = Release|Any CPU
		{583CAAB1-228D-4073-9419-537EBEE82A35}.Release|ARM.ActiveCfg = Release|Any CPU
		{583CAAB1-228D-4073-9419-537EBEE82A35}.Release|Mixed Platforms.ActiveCfg = Release|Any CPU
		{583CAAB1-228D-4073-9419-537EBEE82A35}.Release|Mixed Platforms.Build.0 = Release|Any CPU
		{583CAAB1-228D-4073-9419-537EBEE82A35}.Release|x64.ActiveCfg = Release|Any CPU
		{583CAAB1-228D-4073-9419-537EBEE82A35}.Release|x86.ActiveCfg = Release|Any CPU
		{D754AACA-A129-4F97-B4D3-A31A6B27F620}.Debug|Any CPU.ActiveCfg = Debug|Any CPU
		{D754AACA-A129-4F97-B4D3-A31A6B27F620}.Debug|Any CPU.Build.0 = Debug|Any CPU
		{D754AACA-A129-4F97-B4D3-A31A6B27F620}.Debug|ARM.ActiveCfg = Debug|Any CPU
		{D754AACA-A129-4F97-B4D3-A31A6B27F620}.Debug|Mixed Platforms.ActiveCfg = Debug|Any CPU
		{D754AACA-A129-4F97-B4D3-A31A6B27F620}.Debug|Mixed Platforms.Build.0 = Debug|Any CPU
		{D754AACA-A129-4F97-B4D3-A31A6B27F620}.Debug|x64.ActiveCfg = Debug|Any CPU
		{D754AACA-A129-4F97-B4D3-A31A6B27F620}.Debug|x86.ActiveCfg = Debug|Any CPU
		{D754AACA-A129-4F97-B4D3-A31A6B27F620}.Release|Any CPU.ActiveCfg = Release|Any CPU
		{D754AACA-A129-4F97-B4D3-A31A6B27F620}.Release|Any CPU.Build.0 = Release|Any CPU
		{D754AACA-A129-4F97-B4D3-A31A6B27F620}.Release|ARM.ActiveCfg = Release|Any CPU
		{D754AACA-A129-4F97-B4D3-A31A6B27F620}.Release|Mixed Platforms.ActiveCfg = Release|Any CPU
		{D754AACA-A129-4F97-B4D3-A31A6B27F620}.Release|Mixed Platforms.Build.0 = Release|Any CPU
		{D754AACA-A129-4F97-B4D3-A31A6B27F620}.Release|x64.ActiveCfg = Release|Any CPU
		{D754AACA-A129-4F97-B4D3-A31A6B27F620}.Release|x86.ActiveCfg = Release|Any CPU
		{64EE50C4-084D-4083-8E10-0B7FBE0E9093}.Debug|Any CPU.ActiveCfg = Debug|Any CPU
		{64EE50C4-084D-4083-8E10-0B7FBE0E9093}.Debug|Any CPU.Build.0 = Debug|Any CPU
		{64EE50C4-084D-4083-8E10-0B7FBE0E9093}.Debug|ARM.ActiveCfg = Debug|Any CPU
		{64EE50C4-084D-4083-8E10-0B7FBE0E9093}.Debug|Mixed Platforms.ActiveCfg = Debug|Any CPU
		{64EE50C4-084D-4083-8E10-0B7FBE0E9093}.Debug|Mixed Platforms.Build.0 = Debug|Any CPU
		{64EE50C4-084D-4083-8E10-0B7FBE0E9093}.Debug|x64.ActiveCfg = Debug|Any CPU
		{64EE50C4-084D-4083-8E10-0B7FBE0E9093}.Debug|x86.ActiveCfg = Debug|Any CPU
		{64EE50C4-084D-4083-8E10-0B7FBE0E9093}.Release|Any CPU.ActiveCfg = Release|Any CPU
		{64EE50C4-084D-4083-8E10-0B7FBE0E9093}.Release|Any CPU.Build.0 = Release|Any CPU
		{64EE50C4-084D-4083-8E10-0B7FBE0E9093}.Release|ARM.ActiveCfg = Release|Any CPU
		{64EE50C4-084D-4083-8E10-0B7FBE0E9093}.Release|Mixed Platforms.ActiveCfg = Release|Any CPU
		{64EE50C4-084D-4083-8E10-0B7FBE0E9093}.Release|Mixed Platforms.Build.0 = Release|Any CPU
		{64EE50C4-084D-4083-8E10-0B7FBE0E9093}.Release|x64.ActiveCfg = Release|Any CPU
		{64EE50C4-084D-4083-8E10-0B7FBE0E9093}.Release|x86.ActiveCfg = Release|Any CPU
		{34BBD9E1-C68F-451E-9A0C-A0E3B41EAF9D}.Debug|Any CPU.ActiveCfg = Debug|Any CPU
		{34BBD9E1-C68F-451E-9A0C-A0E3B41EAF9D}.Debug|Any CPU.Build.0 = Debug|Any CPU
		{34BBD9E1-C68F-451E-9A0C-A0E3B41EAF9D}.Debug|ARM.ActiveCfg = Debug|ARM
		{34BBD9E1-C68F-451E-9A0C-A0E3B41EAF9D}.Debug|ARM.Build.0 = Debug|ARM
		{34BBD9E1-C68F-451E-9A0C-A0E3B41EAF9D}.Debug|Mixed Platforms.ActiveCfg = Debug|x86
		{34BBD9E1-C68F-451E-9A0C-A0E3B41EAF9D}.Debug|Mixed Platforms.Build.0 = Debug|x86
		{34BBD9E1-C68F-451E-9A0C-A0E3B41EAF9D}.Debug|x64.ActiveCfg = Debug|x64
		{34BBD9E1-C68F-451E-9A0C-A0E3B41EAF9D}.Debug|x64.Build.0 = Debug|x64
		{34BBD9E1-C68F-451E-9A0C-A0E3B41EAF9D}.Debug|x86.ActiveCfg = Debug|x86
		{34BBD9E1-C68F-451E-9A0C-A0E3B41EAF9D}.Debug|x86.Build.0 = Debug|x86
		{34BBD9E1-C68F-451E-9A0C-A0E3B41EAF9D}.Release|Any CPU.ActiveCfg = Release|Any CPU
		{34BBD9E1-C68F-451E-9A0C-A0E3B41EAF9D}.Release|Any CPU.Build.0 = Release|Any CPU
		{34BBD9E1-C68F-451E-9A0C-A0E3B41EAF9D}.Release|ARM.ActiveCfg = Release|ARM
		{34BBD9E1-C68F-451E-9A0C-A0E3B41EAF9D}.Release|ARM.Build.0 = Release|ARM
		{34BBD9E1-C68F-451E-9A0C-A0E3B41EAF9D}.Release|Mixed Platforms.ActiveCfg = Release|x86
		{34BBD9E1-C68F-451E-9A0C-A0E3B41EAF9D}.Release|Mixed Platforms.Build.0 = Release|x86
		{34BBD9E1-C68F-451E-9A0C-A0E3B41EAF9D}.Release|x64.ActiveCfg = Release|x64
		{34BBD9E1-C68F-451E-9A0C-A0E3B41EAF9D}.Release|x64.Build.0 = Release|x64
		{34BBD9E1-C68F-451E-9A0C-A0E3B41EAF9D}.Release|x86.ActiveCfg = Release|x86
		{34BBD9E1-C68F-451E-9A0C-A0E3B41EAF9D}.Release|x86.Build.0 = Release|x86
		{6A7C8C67-FB63-46BF-8546-BF088B892EA6}.Debug|Any CPU.ActiveCfg = Debug|Any CPU
		{6A7C8C67-FB63-46BF-8546-BF088B892EA6}.Debug|Any CPU.Build.0 = Debug|Any CPU
		{6A7C8C67-FB63-46BF-8546-BF088B892EA6}.Debug|Any CPU.Deploy.0 = Debug|Any CPU
		{6A7C8C67-FB63-46BF-8546-BF088B892EA6}.Debug|ARM.ActiveCfg = Debug|ARM
		{6A7C8C67-FB63-46BF-8546-BF088B892EA6}.Debug|ARM.Build.0 = Debug|ARM
		{6A7C8C67-FB63-46BF-8546-BF088B892EA6}.Debug|ARM.Deploy.0 = Debug|ARM
		{6A7C8C67-FB63-46BF-8546-BF088B892EA6}.Debug|Mixed Platforms.ActiveCfg = Debug|x86
		{6A7C8C67-FB63-46BF-8546-BF088B892EA6}.Debug|Mixed Platforms.Build.0 = Debug|x86
		{6A7C8C67-FB63-46BF-8546-BF088B892EA6}.Debug|Mixed Platforms.Deploy.0 = Debug|x86
		{6A7C8C67-FB63-46BF-8546-BF088B892EA6}.Debug|x64.ActiveCfg = Debug|x64
		{6A7C8C67-FB63-46BF-8546-BF088B892EA6}.Debug|x64.Build.0 = Debug|x64
		{6A7C8C67-FB63-46BF-8546-BF088B892EA6}.Debug|x64.Deploy.0 = Debug|x64
		{6A7C8C67-FB63-46BF-8546-BF088B892EA6}.Debug|x86.ActiveCfg = Debug|x86
		{6A7C8C67-FB63-46BF-8546-BF088B892EA6}.Debug|x86.Build.0 = Debug|x86
		{6A7C8C67-FB63-46BF-8546-BF088B892EA6}.Debug|x86.Deploy.0 = Debug|x86
		{6A7C8C67-FB63-46BF-8546-BF088B892EA6}.Release|Any CPU.ActiveCfg = Release|Any CPU
		{6A7C8C67-FB63-46BF-8546-BF088B892EA6}.Release|Any CPU.Build.0 = Release|Any CPU
		{6A7C8C67-FB63-46BF-8546-BF088B892EA6}.Release|Any CPU.Deploy.0 = Release|Any CPU
		{6A7C8C67-FB63-46BF-8546-BF088B892EA6}.Release|ARM.ActiveCfg = Release|ARM
		{6A7C8C67-FB63-46BF-8546-BF088B892EA6}.Release|ARM.Build.0 = Release|ARM
		{6A7C8C67-FB63-46BF-8546-BF088B892EA6}.Release|ARM.Deploy.0 = Release|ARM
		{6A7C8C67-FB63-46BF-8546-BF088B892EA6}.Release|Mixed Platforms.ActiveCfg = Release|x86
		{6A7C8C67-FB63-46BF-8546-BF088B892EA6}.Release|Mixed Platforms.Build.0 = Release|x86
		{6A7C8C67-FB63-46BF-8546-BF088B892EA6}.Release|Mixed Platforms.Deploy.0 = Release|x86
		{6A7C8C67-FB63-46BF-8546-BF088B892EA6}.Release|x64.ActiveCfg = Release|x64
		{6A7C8C67-FB63-46BF-8546-BF088B892EA6}.Release|x64.Build.0 = Release|x64
		{6A7C8C67-FB63-46BF-8546-BF088B892EA6}.Release|x64.Deploy.0 = Release|x64
		{6A7C8C67-FB63-46BF-8546-BF088B892EA6}.Release|x86.ActiveCfg = Release|x86
		{6A7C8C67-FB63-46BF-8546-BF088B892EA6}.Release|x86.Build.0 = Release|x86
		{6A7C8C67-FB63-46BF-8546-BF088B892EA6}.Release|x86.Deploy.0 = Release|x86
		{DCFF5BF3-56B7-4E56-BA6F-7E084DE3D289}.Debug|Any CPU.ActiveCfg = Debug|x86
		{DCFF5BF3-56B7-4E56-BA6F-7E084DE3D289}.Debug|ARM.ActiveCfg = Debug|ARM
		{DCFF5BF3-56B7-4E56-BA6F-7E084DE3D289}.Debug|ARM.Build.0 = Debug|ARM
		{DCFF5BF3-56B7-4E56-BA6F-7E084DE3D289}.Debug|ARM.Deploy.0 = Debug|ARM
		{DCFF5BF3-56B7-4E56-BA6F-7E084DE3D289}.Debug|Mixed Platforms.ActiveCfg = Debug|x86
		{DCFF5BF3-56B7-4E56-BA6F-7E084DE3D289}.Debug|Mixed Platforms.Build.0 = Debug|x86
		{DCFF5BF3-56B7-4E56-BA6F-7E084DE3D289}.Debug|Mixed Platforms.Deploy.0 = Debug|x86
		{DCFF5BF3-56B7-4E56-BA6F-7E084DE3D289}.Debug|x64.ActiveCfg = Debug|x86
		{DCFF5BF3-56B7-4E56-BA6F-7E084DE3D289}.Debug|x86.ActiveCfg = Debug|x86
		{DCFF5BF3-56B7-4E56-BA6F-7E084DE3D289}.Debug|x86.Build.0 = Debug|x86
		{DCFF5BF3-56B7-4E56-BA6F-7E084DE3D289}.Debug|x86.Deploy.0 = Debug|x86
		{DCFF5BF3-56B7-4E56-BA6F-7E084DE3D289}.Release|Any CPU.ActiveCfg = Release|x86
		{DCFF5BF3-56B7-4E56-BA6F-7E084DE3D289}.Release|ARM.ActiveCfg = Release|ARM
		{DCFF5BF3-56B7-4E56-BA6F-7E084DE3D289}.Release|ARM.Build.0 = Release|ARM
		{DCFF5BF3-56B7-4E56-BA6F-7E084DE3D289}.Release|ARM.Deploy.0 = Release|ARM
		{DCFF5BF3-56B7-4E56-BA6F-7E084DE3D289}.Release|Mixed Platforms.ActiveCfg = Release|x86
		{DCFF5BF3-56B7-4E56-BA6F-7E084DE3D289}.Release|Mixed Platforms.Build.0 = Release|x86
		{DCFF5BF3-56B7-4E56-BA6F-7E084DE3D289}.Release|Mixed Platforms.Deploy.0 = Release|x86
		{DCFF5BF3-56B7-4E56-BA6F-7E084DE3D289}.Release|x64.ActiveCfg = Release|x86
		{DCFF5BF3-56B7-4E56-BA6F-7E084DE3D289}.Release|x86.ActiveCfg = Release|x86
		{DCFF5BF3-56B7-4E56-BA6F-7E084DE3D289}.Release|x86.Build.0 = Release|x86
		{DCFF5BF3-56B7-4E56-BA6F-7E084DE3D289}.Release|x86.Deploy.0 = Release|x86
		{B33003A3-F11B-4EE4-ABE9-17DBA5B609D9}.Debug|Any CPU.ActiveCfg = Debug|Any CPU
		{B33003A3-F11B-4EE4-ABE9-17DBA5B609D9}.Debug|Any CPU.Build.0 = Debug|Any CPU
		{B33003A3-F11B-4EE4-ABE9-17DBA5B609D9}.Debug|ARM.ActiveCfg = Debug|ARM
		{B33003A3-F11B-4EE4-ABE9-17DBA5B609D9}.Debug|ARM.Build.0 = Debug|ARM
		{B33003A3-F11B-4EE4-ABE9-17DBA5B609D9}.Debug|Mixed Platforms.ActiveCfg = Debug|x86
		{B33003A3-F11B-4EE4-ABE9-17DBA5B609D9}.Debug|Mixed Platforms.Build.0 = Debug|x86
		{B33003A3-F11B-4EE4-ABE9-17DBA5B609D9}.Debug|x64.ActiveCfg = Debug|Any CPU
		{B33003A3-F11B-4EE4-ABE9-17DBA5B609D9}.Debug|x86.ActiveCfg = Debug|x86
		{B33003A3-F11B-4EE4-ABE9-17DBA5B609D9}.Debug|x86.Build.0 = Debug|x86
		{B33003A3-F11B-4EE4-ABE9-17DBA5B609D9}.Release|Any CPU.ActiveCfg = Release|Any CPU
		{B33003A3-F11B-4EE4-ABE9-17DBA5B609D9}.Release|Any CPU.Build.0 = Release|Any CPU
		{B33003A3-F11B-4EE4-ABE9-17DBA5B609D9}.Release|ARM.ActiveCfg = Release|ARM
		{B33003A3-F11B-4EE4-ABE9-17DBA5B609D9}.Release|ARM.Build.0 = Release|ARM
		{B33003A3-F11B-4EE4-ABE9-17DBA5B609D9}.Release|Mixed Platforms.ActiveCfg = Release|x86
		{B33003A3-F11B-4EE4-ABE9-17DBA5B609D9}.Release|Mixed Platforms.Build.0 = Release|x86
		{B33003A3-F11B-4EE4-ABE9-17DBA5B609D9}.Release|x64.ActiveCfg = Release|Any CPU
		{B33003A3-F11B-4EE4-ABE9-17DBA5B609D9}.Release|x86.ActiveCfg = Release|x86
		{B33003A3-F11B-4EE4-ABE9-17DBA5B609D9}.Release|x86.Build.0 = Release|x86
		{BEDE1CA3-911D-49CF-939B-C8CEAC7E78A4}.Debug|Any CPU.ActiveCfg = Debug|x86
		{BEDE1CA3-911D-49CF-939B-C8CEAC7E78A4}.Debug|ARM.ActiveCfg = Debug|ARM
		{BEDE1CA3-911D-49CF-939B-C8CEAC7E78A4}.Debug|ARM.Build.0 = Debug|ARM
		{BEDE1CA3-911D-49CF-939B-C8CEAC7E78A4}.Debug|ARM.Deploy.0 = Debug|ARM
		{BEDE1CA3-911D-49CF-939B-C8CEAC7E78A4}.Debug|Mixed Platforms.ActiveCfg = Debug|x86
		{BEDE1CA3-911D-49CF-939B-C8CEAC7E78A4}.Debug|Mixed Platforms.Build.0 = Debug|x86
		{BEDE1CA3-911D-49CF-939B-C8CEAC7E78A4}.Debug|Mixed Platforms.Deploy.0 = Debug|x86
		{BEDE1CA3-911D-49CF-939B-C8CEAC7E78A4}.Debug|x64.ActiveCfg = Debug|x86
		{BEDE1CA3-911D-49CF-939B-C8CEAC7E78A4}.Debug|x86.ActiveCfg = Debug|x86
		{BEDE1CA3-911D-49CF-939B-C8CEAC7E78A4}.Debug|x86.Build.0 = Debug|x86
		{BEDE1CA3-911D-49CF-939B-C8CEAC7E78A4}.Debug|x86.Deploy.0 = Debug|x86
		{BEDE1CA3-911D-49CF-939B-C8CEAC7E78A4}.Release|Any CPU.ActiveCfg = Release|x86
		{BEDE1CA3-911D-49CF-939B-C8CEAC7E78A4}.Release|ARM.ActiveCfg = Release|ARM
		{BEDE1CA3-911D-49CF-939B-C8CEAC7E78A4}.Release|ARM.Build.0 = Release|ARM
		{BEDE1CA3-911D-49CF-939B-C8CEAC7E78A4}.Release|ARM.Deploy.0 = Release|ARM
		{BEDE1CA3-911D-49CF-939B-C8CEAC7E78A4}.Release|Mixed Platforms.ActiveCfg = Release|x86
		{BEDE1CA3-911D-49CF-939B-C8CEAC7E78A4}.Release|Mixed Platforms.Build.0 = Release|x86
		{BEDE1CA3-911D-49CF-939B-C8CEAC7E78A4}.Release|Mixed Platforms.Deploy.0 = Release|x86
		{BEDE1CA3-911D-49CF-939B-C8CEAC7E78A4}.Release|x64.ActiveCfg = Release|x86
		{BEDE1CA3-911D-49CF-939B-C8CEAC7E78A4}.Release|x86.ActiveCfg = Release|x86
		{BEDE1CA3-911D-49CF-939B-C8CEAC7E78A4}.Release|x86.Build.0 = Release|x86
		{BEDE1CA3-911D-49CF-939B-C8CEAC7E78A4}.Release|x86.Deploy.0 = Release|x86
	EndGlobalSection
	GlobalSection(SolutionProperties) = preSolution
		HideSolutionNode = FALSE
	EndGlobalSection
	GlobalSection(NestedProjects) = preSolution
		{151FB2D8-717D-4BDD-A229-AE55D8D81A22} = {4F813079-FD5D-47DC-AC3E-EB6A61685C0B}
		{B9C16BA1-E171-4C53-82EA-1C901A1E02D5} = {480D0706-97AF-47D2-94A3-E513A20D9C80}
		{33583135-A29D-4C95-A360-998DDD4F6023} = {4F813079-FD5D-47DC-AC3E-EB6A61685C0B}
		{E4ECBE20-B078-459F-9E9B-E5966736E60C} = {4F813079-FD5D-47DC-AC3E-EB6A61685C0B}
		{3B308FB5-00A1-4702-8C32-4FC998A68D62} = {4F813079-FD5D-47DC-AC3E-EB6A61685C0B}
		{917ACD7B-4373-4A48-9A7E-2F28B82D7ADB} = {480D0706-97AF-47D2-94A3-E513A20D9C80}
		{C0EDF674-26BD-4F5E-AC8F-AE60107BAAA0} = {393AB275-A4A7-4BC7-AE64-14BC222967DE}
		{1989158C-3BB7-4AE6-98B0-EFF691B743B0} = {6B22F02C-0B07-4706-A1CF-32A0A91CA546}
		{60437E0E-B249-43BF-9A70-D2BFC12D438B} = {6B22F02C-0B07-4706-A1CF-32A0A91CA546}
		{68ADEB49-E7AD-499B-833A-F095EC45C31B} = {6B22F02C-0B07-4706-A1CF-32A0A91CA546}
		{331C0ED0-7954-484D-985D-CD9CAAB87DCD} = {6B22F02C-0B07-4706-A1CF-32A0A91CA546}
		{F464C846-365B-4C62-8DE5-22BFD4DF75E5} = {82057F0A-AA23-4F89-A995-BE66E4399DF0}
		{7A0339D9-32F2-4F99-A50D-D93273EEDF0F} = {82057F0A-AA23-4F89-A995-BE66E4399DF0}
		{59E52C5D-5D4F-4C66-B9EC-185DF1D5AD06} = {6B22F02C-0B07-4706-A1CF-32A0A91CA546}
		{F558697E-A1A1-4F3B-BC9A-8AD0F3FCAE5E} = {6B22F02C-0B07-4706-A1CF-32A0A91CA546}
		{E388F5AF-663F-4C26-984F-564FDCEFF315} = {393AB275-A4A7-4BC7-AE64-14BC222967DE}
		{9499F2A1-826B-41D0-84D8-08A1C8C5EF5E} = {B4A2CD33-48F4-4693-BB0A-EA1B433B5E91}
		{583CAAB1-228D-4073-9419-537EBEE82A35} = {B4A2CD33-48F4-4693-BB0A-EA1B433B5E91}
		{D754AACA-A129-4F97-B4D3-A31A6B27F620} = {B4A2CD33-48F4-4693-BB0A-EA1B433B5E91}
		{64EE50C4-084D-4083-8E10-0B7FBE0E9093} = {B4A2CD33-48F4-4693-BB0A-EA1B433B5E91}
		{34BBD9E1-C68F-451E-9A0C-A0E3B41EAF9D} = {55A966DC-1515-4C81-9F37-13E896DF8D2A}
		{6A7C8C67-FB63-46BF-8546-BF088B892EA6} = {55A966DC-1515-4C81-9F37-13E896DF8D2A}
		{DCFF5BF3-56B7-4E56-BA6F-7E084DE3D289} = {55A966DC-1515-4C81-9F37-13E896DF8D2A}
		{B33003A3-F11B-4EE4-ABE9-17DBA5B609D9} = {A951FFEC-E156-4211-85C4-3B76BCA5A253}
		{BEDE1CA3-911D-49CF-939B-C8CEAC7E78A4} = {A951FFEC-E156-4211-85C4-3B76BCA5A253}
	EndGlobalSection
EndGlobal
