
Microsoft Visual Studio Solution File, Format Version 12.00
# Visual Studio 2012
Project("{FAE04EC0-301F-11D3-BF4B-00C04F79EFBC}") = "Sannel.TestHelpers", "Sannel.TestHelpers\Sannel.TestHelpers.csproj", "{E4ECBE20-B078-459F-9E9B-E5966736E60C}"
EndProject
Project("{FAE04EC0-301F-11D3-BF4B-00C04F79EFBC}") = "Sannel.TestHelpers.Tests", "Sannel.TestHelpers.Tests\Sannel.TestHelpers.Tests.csproj", "{3B308FB5-00A1-4702-8C32-4FC998A68D62}"
EndProject
Project("{FAE04EC0-301F-11D3-BF4B-00C04F79EFBC}") = "Sannel.Helpers", "Sannel.Helpers\Sannel.Helpers.csproj", "{151FB2D8-717D-4BDD-A229-AE55D8D81A22}"
EndProject
Project("{FAE04EC0-301F-11D3-BF4B-00C04F79EFBC}") = "Sannel.Helpers.Tests", "Sannel.Helpers.Tests\Sannel.Helpers.Tests.csproj", "{33583135-A29D-4C95-A360-998DDD4F6023}"
EndProject
Global
	GlobalSection(SolutionConfigurationPlatforms) = preSolution
		Debug|Any CPU = Debug|Any CPU
		Release|Any CPU = Release|Any CPU
	EndGlobalSection
	GlobalSection(ProjectConfigurationPlatforms) = postSolution
		{E4ECBE20-B078-459F-9E9B-E5966736E60C}.Debug|Any CPU.ActiveCfg = Debug|Any CPU
		{E4ECBE20-B078-459F-9E9B-E5966736E60C}.Debug|Any CPU.Build.0 = Debug|Any CPU
		{E4ECBE20-B078-459F-9E9B-E5966736E60C}.Release|Any CPU.ActiveCfg = Release|Any CPU
		{E4ECBE20-B078-459F-9E9B-E5966736E60C}.Release|Any CPU.Build.0 = Release|Any CPU
		{3B308FB5-00A1-4702-8C32-4FC998A68D62}.Debug|Any CPU.ActiveCfg = Debug|Any CPU
		{3B308FB5-00A1-4702-8C32-4FC998A68D62}.Debug|Any CPU.Build.0 = Debug|Any CPU
		{3B308FB5-00A1-4702-8C32-4FC998A68D62}.Release|Any CPU.ActiveCfg = Release|Any CPU
		{3B308FB5-00A1-4702-8C32-4FC998A68D62}.Release|Any CPU.Build.0 = Release|Any CPU
		{151FB2D8-717D-4BDD-A229-AE55D8D81A22}.Debug|Any CPU.ActiveCfg = Debug|Any CPU
		{151FB2D8-717D-4BDD-A229-AE55D8D81A22}.Debug|Any CPU.Build.0 = Debug|Any CPU
		{151FB2D8-717D-4BDD-A229-AE55D8D81A22}.Release|Any CPU.ActiveCfg = Release|Any CPU
		{151FB2D8-717D-4BDD-A229-AE55D8D81A22}.Release|Any CPU.Build.0 = Release|Any CPU
		{33583135-A29D-4C95-A360-998DDD4F6023}.Debug|Any CPU.ActiveCfg = Debug|Any CPU
		{33583135-A29D-4C95-A360-998DDD4F6023}.Debug|Any CPU.Build.0 = Debug|Any CPU
		{33583135-A29D-4C95-A360-998DDD4F6023}.Release|Any CPU.ActiveCfg = Release|Any CPU
		{33583135-A29D-4C95-A360-998DDD4F6023}.Release|Any CPU.Build.0 = Release|Any CPU
	EndGlobalSection
	GlobalSection(SolutionProperties) = preSolution
		HideSolutionNode = FALSE
	EndGlobalSection
EndGlobal
